
Microsoft Visual Studio Solution File, Format Version 12.00
# Visual Studio Version 17
VisualStudioVersion = 17.0.31903.59
MinimumVisualStudioVersion = 10.0.40219.1
Project("{2150E333-8FDC-42A3-9474-1A3956D46DE8}") = "services", "services", "{427B6B5D-B9A5-421A-B557-1CBDF96FE3CC}"
	ProjectSection(SolutionItems) = preProject
		services\email-service\EmailCommand.cs = services\email-service\EmailCommand.cs
		services\email-service\Program.cs = services\email-service\Program.cs
		services\email-service\Properties\launchSettings.json = services\email-service\Properties\launchSettings.json
		services\email-service\TemplatedEmailService.cs = services\email-service\TemplatedEmailService.cs
		services\email-service\SendEmailRequest.cs = services\email-service\SendEmailRequest.cs
		services\email-service\SmtpEmailSender.cs = services\email-service\SmtpEmailSender.cs
		services\email-service\RabbitMqMailConsumer.cs = services\email-service\RabbitMqMailConsumer.cs
		services\email-service\appsettings.json = services\email-service\appsettings.json
		services\email-service\email-service.http = services\email-service\email-service.http
		services\email-service\EmailTemplateRenderer.cs = services\email-service\EmailTemplateRenderer.cs
		services\email-service\templates\verify-email.mjml = services\email-service\templates\verify-email.mjml
		services\email-service\templates\new-content.mjml = services\email-service\templates\new-content.mjml
		services\email-service\appsettings.Development.json = services\email-service\appsettings.Development.json
		services\email-service\JsonValueConverter.cs = services\email-service\JsonValueConverter.cs
		services\email-service\EmailSettings.cs = services\email-service\EmailSettings.cs
		services\email-service\email-service.csproj = services\email-service\email-service.csproj
	EndProjectSection
EndProject
Project("{FAE04EC0-301F-11D3-BF4B-00C04F79EFBC}") = "attempt-service", "services\attempt-service\attempt-service.csproj", "{DDC09CC0-AF1F-471D-BDE5-A6926774B203}"
EndProject
Project("{FAE04EC0-301F-11D3-BF4B-00C04F79EFBC}") = "auth-service", "services\auth-service\auth-service.csproj", "{8E3CD37E-3167-472B-8F99-9F36FDE00F4B}"
EndProject
Project("{FAE04EC0-301F-11D3-BF4B-00C04F79EFBC}") = "exam-service", "services\exam-service\exam-service.csproj", "{5A55B861-D091-4A7A-970E-B2EB8AB6171D}"
EndProject
Project("{FAE04EC0-301F-11D3-BF4B-00C04F79EFBC}") = "course-service", "services\course-service\course-service.csproj", "{2774F4FD-9B26-444B-A81A-27D7EB2CDE37}"
EndProject
Project("{2150E333-8FDC-42A3-9474-1A3956D46DE8}") = "gateway", "gateway", "{13265A76-2CD5-4983-BF95-4996C2E00541}"
EndProject
Project("{FAE04EC0-301F-11D3-BF4B-00C04F79EFBC}") = "api-gateway", "gateway\api-gateway\api-gateway.csproj", "{8BBADF25-91A0-4968-8466-5B85AEBB62C1}"
EndProject
Project("{2150E333-8FDC-42A3-9474-1A3956D46DE8}") = "_shared", "_shared", "{56FD8193-AB4B-4C09-A5C8-E8B0FDD91423}"
EndProject
Project("{FAE04EC0-301F-11D3-BF4B-00C04F79EFBC}") = "Shared.PublicContracts", "services\_shared\Shared.PublicContracts\Shared.PublicContracts.csproj", "{54383DF9-7C4A-439E-9B69-87C3FE713CB3}"
EndProject
Project("{2150E333-8FDC-42A3-9474-1A3956D46DE8}") = "tests", "tests", "{7FA53CBB-B983-4204-8D05-A50F25EC3FBD}"
EndProject
Project("{2150E333-8FDC-42A3-9474-1A3956D46DE8}") = "ExamService", "ExamService", "{F1C7084E-9E2D-4432-877F-DC5661796DA1}"
EndProject
Project("{FAE04EC0-301F-11D3-BF4B-00C04F79EFBC}") = "ExamService.UnitTest", "tests\ExamService\ExamService.UnitTest\ExamService.UnitTest.csproj", "{C80980A5-102E-4934-A08C-3F839F8A0A1D}"
EndProject
Project("{FAE04EC0-301F-11D3-BF4B-00C04F79EFBC}") = "Shared.Grpc", "services\_shared\Shared.Grpc\Shared.Grpc.csproj", "{E1220F21-7097-4B57-A1B0-93E7C4E052AB}"
EndProject
Project("{FAE04EC0-301F-11D3-BF4B-00C04F79EFBC}") = "vocabulary-service", "services\vocabulary-service\vocabulary-service.csproj", "{EEDCD440-A0C0-4E02-BF40-58369F2E6ED9}"
EndProject
Project("{FAE04EC0-301F-11D3-BF4B-00C04F79EFBC}") = "email-service", "services\email-service\email-service.csproj", "{24B2D318-3C3C-4651-81EF-83F56A803528}"
EndProject
Global
	GlobalSection(SolutionConfigurationPlatforms) = preSolution
		Debug|Any CPU = Debug|Any CPU
		Release|Any CPU = Release|Any CPU
	EndGlobalSection
	GlobalSection(SolutionProperties) = preSolution
		HideSolutionNode = FALSE
	EndGlobalSection
	GlobalSection(ProjectConfigurationPlatforms) = postSolution
		{DDC09CC0-AF1F-471D-BDE5-A6926774B203}.Debug|Any CPU.ActiveCfg = Debug|Any CPU
		{DDC09CC0-AF1F-471D-BDE5-A6926774B203}.Debug|Any CPU.Build.0 = Debug|Any CPU
		{DDC09CC0-AF1F-471D-BDE5-A6926774B203}.Release|Any CPU.ActiveCfg = Release|Any CPU
		{DDC09CC0-AF1F-471D-BDE5-A6926774B203}.Release|Any CPU.Build.0 = Release|Any CPU
		{8E3CD37E-3167-472B-8F99-9F36FDE00F4B}.Debug|Any CPU.ActiveCfg = Debug|Any CPU
		{8E3CD37E-3167-472B-8F99-9F36FDE00F4B}.Debug|Any CPU.Build.0 = Debug|Any CPU
		{8E3CD37E-3167-472B-8F99-9F36FDE00F4B}.Release|Any CPU.ActiveCfg = Release|Any CPU
		{8E3CD37E-3167-472B-8F99-9F36FDE00F4B}.Release|Any CPU.Build.0 = Release|Any CPU
		{5A55B861-D091-4A7A-970E-B2EB8AB6171D}.Debug|Any CPU.ActiveCfg = Debug|Any CPU
		{5A55B861-D091-4A7A-970E-B2EB8AB6171D}.Debug|Any CPU.Build.0 = Debug|Any CPU
		{5A55B861-D091-4A7A-970E-B2EB8AB6171D}.Release|Any CPU.ActiveCfg = Release|Any CPU
		{5A55B861-D091-4A7A-970E-B2EB8AB6171D}.Release|Any CPU.Build.0 = Release|Any CPU
		{2774F4FD-9B26-444B-A81A-27D7EB2CDE37}.Debug|Any CPU.ActiveCfg = Debug|Any CPU
		{2774F4FD-9B26-444B-A81A-27D7EB2CDE37}.Debug|Any CPU.Build.0 = Debug|Any CPU
		{2774F4FD-9B26-444B-A81A-27D7EB2CDE37}.Release|Any CPU.ActiveCfg = Release|Any CPU
		{2774F4FD-9B26-444B-A81A-27D7EB2CDE37}.Release|Any CPU.Build.0 = Release|Any CPU
		{8BBADF25-91A0-4968-8466-5B85AEBB62C1}.Debug|Any CPU.ActiveCfg = Debug|Any CPU
		{8BBADF25-91A0-4968-8466-5B85AEBB62C1}.Debug|Any CPU.Build.0 = Debug|Any CPU
		{8BBADF25-91A0-4968-8466-5B85AEBB62C1}.Release|Any CPU.ActiveCfg = Release|Any CPU
		{8BBADF25-91A0-4968-8466-5B85AEBB62C1}.Release|Any CPU.Build.0 = Release|Any CPU
		{54383DF9-7C4A-439E-9B69-87C3FE713CB3}.Debug|Any CPU.ActiveCfg = Debug|Any CPU
		{54383DF9-7C4A-439E-9B69-87C3FE713CB3}.Debug|Any CPU.Build.0 = Debug|Any CPU
		{54383DF9-7C4A-439E-9B69-87C3FE713CB3}.Release|Any CPU.ActiveCfg = Release|Any CPU
		{54383DF9-7C4A-439E-9B69-87C3FE713CB3}.Release|Any CPU.Build.0 = Release|Any CPU
		{C80980A5-102E-4934-A08C-3F839F8A0A1D}.Debug|Any CPU.ActiveCfg = Debug|Any CPU
		{C80980A5-102E-4934-A08C-3F839F8A0A1D}.Debug|Any CPU.Build.0 = Debug|Any CPU
		{C80980A5-102E-4934-A08C-3F839F8A0A1D}.Release|Any CPU.ActiveCfg = Release|Any CPU
		{C80980A5-102E-4934-A08C-3F839F8A0A1D}.Release|Any CPU.Build.0 = Release|Any CPU
		{E1220F21-7097-4B57-A1B0-93E7C4E052AB}.Debug|Any CPU.ActiveCfg = Debug|Any CPU
		{E1220F21-7097-4B57-A1B0-93E7C4E052AB}.Debug|Any CPU.Build.0 = Debug|Any CPU
		{E1220F21-7097-4B57-A1B0-93E7C4E052AB}.Release|Any CPU.ActiveCfg = Release|Any CPU
		{E1220F21-7097-4B57-A1B0-93E7C4E052AB}.Release|Any CPU.Build.0 = Release|Any CPU
		{EEDCD440-A0C0-4E02-BF40-58369F2E6ED9}.Debug|Any CPU.ActiveCfg = Debug|Any CPU
		{EEDCD440-A0C0-4E02-BF40-58369F2E6ED9}.Debug|Any CPU.Build.0 = Debug|Any CPU
		{EEDCD440-A0C0-4E02-BF40-58369F2E6ED9}.Release|Any CPU.ActiveCfg = Release|Any CPU
		{EEDCD440-A0C0-4E02-BF40-58369F2E6ED9}.Release|Any CPU.Build.0 = Release|Any CPU
		{24B2D318-3C3C-4651-81EF-83F56A803528}.Debug|Any CPU.ActiveCfg = Debug|Any CPU
		{24B2D318-3C3C-4651-81EF-83F56A803528}.Debug|Any CPU.Build.0 = Debug|Any CPU
		{24B2D318-3C3C-4651-81EF-83F56A803528}.Release|Any CPU.ActiveCfg = Release|Any CPU
		{24B2D318-3C3C-4651-81EF-83F56A803528}.Release|Any CPU.Build.0 = Release|Any CPU
	EndGlobalSection
	GlobalSection(NestedProjects) = preSolution
		{DDC09CC0-AF1F-471D-BDE5-A6926774B203} = {427B6B5D-B9A5-421A-B557-1CBDF96FE3CC}
		{8E3CD37E-3167-472B-8F99-9F36FDE00F4B} = {427B6B5D-B9A5-421A-B557-1CBDF96FE3CC}
		{5A55B861-D091-4A7A-970E-B2EB8AB6171D} = {427B6B5D-B9A5-421A-B557-1CBDF96FE3CC}
		{2774F4FD-9B26-444B-A81A-27D7EB2CDE37} = {427B6B5D-B9A5-421A-B557-1CBDF96FE3CC}
		{8BBADF25-91A0-4968-8466-5B85AEBB62C1} = {13265A76-2CD5-4983-BF95-4996C2E00541}
		{56FD8193-AB4B-4C09-A5C8-E8B0FDD91423} = {427B6B5D-B9A5-421A-B557-1CBDF96FE3CC}
		{54383DF9-7C4A-439E-9B69-87C3FE713CB3} = {56FD8193-AB4B-4C09-A5C8-E8B0FDD91423}
		{F1C7084E-9E2D-4432-877F-DC5661796DA1} = {7FA53CBB-B983-4204-8D05-A50F25EC3FBD}
		{C80980A5-102E-4934-A08C-3F839F8A0A1D} = {F1C7084E-9E2D-4432-877F-DC5661796DA1}
		{E1220F21-7097-4B57-A1B0-93E7C4E052AB} = {56FD8193-AB4B-4C09-A5C8-E8B0FDD91423}
		{EEDCD440-A0C0-4E02-BF40-58369F2E6ED9} = {427B6B5D-B9A5-421A-B557-1CBDF96FE3CC}
		{24B2D318-3C3C-4651-81EF-83F56A803528} = {427B6B5D-B9A5-421A-B557-1CBDF96FE3CC}
	EndGlobalSection
EndGlobal
