
Microsoft Visual Studio Solution File, Format Version 12.00
# Visual Studio Version 17
VisualStudioVersion = 17.0.31903.59
MinimumVisualStudioVersion = 10.0.40219.1
Project("{2150E333-8FDC-42A3-9474-1A3956D46DE8}") = "gateway", "gateway", "{021FFD3A-5948-473F-B42D-E0EDEAC91CD8}"
EndProject
Project("{FAE04EC0-301F-11D3-BF4B-00C04F79EFBC}") = "api-gateway", "gateway\api-gateway\api-gateway.csproj", "{6F1D2BB9-0547-4B6A-9376-141BCDD261FC}"
EndProject
Project("{2150E333-8FDC-42A3-9474-1A3956D46DE8}") = "services", "services", "{215F11E7-EFE4-4E3A-8843-5A71B6DF9A9C}"
EndProject
Project("{FAE04EC0-301F-11D3-BF4B-00C04F79EFBC}") = "attempt-service", "services\attempt-service\attempt-service.csproj", "{1177EF03-3D77-44D0-8559-B2DC8D9C22A6}"
EndProject
Project("{FAE04EC0-301F-11D3-BF4B-00C04F79EFBC}") = "auth-service", "services\auth-service\auth-service.csproj", "{B6898CB8-33C7-439D-82B2-D85FFAE691A0}"
EndProject
Project("{FAE04EC0-301F-11D3-BF4B-00C04F79EFBC}") = "course-service", "services\course-service\course-service.csproj", "{37BA454A-3C78-4DB7-BAB0-51A343BF10E0}"
EndProject
Project("{FAE04EC0-301F-11D3-BF4B-00C04F79EFBC}") = "email-service", "services\email-service\email-service.csproj", "{4817320C-F107-42C3-8AD7-EA80136AAA71}"
EndProject
Project("{FAE04EC0-301F-11D3-BF4B-00C04F79EFBC}") = "exam-service", "services\exam-service\exam-service.csproj", "{0CF1F39B-FD27-4851-898D-5C5B23BC04EF}"
EndProject
Project("{FAE04EC0-301F-11D3-BF4B-00C04F79EFBC}") = "vocabulary-service", "services\vocabulary-service\vocabulary-service.csproj", "{7DF991B7-2A1C-4955-A605-5C1B8EAA3216}"
EndProject
Project("{2150E333-8FDC-42A3-9474-1A3956D46DE8}") = "tests", "tests", "{B24F5DF2-7C37-4B3C-9211-6F60258C9555}"
EndProject
Project("{2150E333-8FDC-42A3-9474-1A3956D46DE8}") = "ExamService", "ExamService", "{9CCDCC33-E657-41B7-9D32-99A8FE1F009A}"
EndProject
Project("{FAE04EC0-301F-11D3-BF4B-00C04F79EFBC}") = "ExamService.UnitTest", "tests\unit\ExamService.UnitTest\ExamService.UnitTest.csproj", "{06E46606-0CEC-4EFA-A561-52817B338F95}"
EndProject
Project("{2150E333-8FDC-42A3-9474-1A3956D46DE8}") = "_shared", "_shared", "{2E06081D-E5F2-4A4A-B4E6-D123B60777C0}"
EndProject
Project("{FAE04EC0-301F-11D3-BF4B-00C04F79EFBC}") = "Shared.Grpc", "services\_shared\Shared.Grpc\Shared.Grpc.csproj", "{58DC41B2-286A-4C50-BF49-3318A11D0A30}"
EndProject
Project("{FAE04EC0-301F-11D3-BF4B-00C04F79EFBC}") = "Shared.PublicContracts", "services\_shared\Shared.PublicContracts\Shared.PublicContracts.csproj", "{C3BA51F6-2E3B-4B53-855F-BEAF065FF3C7}"
EndProject
Project("{FAE04EC0-301F-11D3-BF4B-00C04F79EFBC}") = "AuthService.UnitTests", "tests\unit\AuthService.UnitTests\AuthService.UnitTests.csproj", "{663D1BAF-676B-4627-B132-22F1A61D7A1A}"
EndProject
Project("{FAE04EC0-301F-11D3-BF4B-00C04F79EFBC}") = "AttemptService.UnitTests", "tests\unit\AttemptService.UnitTests\AttemptService.UnitTests.csproj", "{E4A5AFCA-19B5-42A1-B7F7-3C948307071E}"
EndProject
Project("{FAE04EC0-301F-11D3-BF4B-00C04F79EFBC}") = "CourseService.UnitTests", "tests\unit\CourseService.UnitTests\CourseService.UnitTests.csproj", "{07F4502C-0257-4621-9BAC-77DD9F7FFE34}"
EndProject
Project("{FAE04EC0-301F-11D3-BF4B-00C04F79EFBC}") = "TestSupport", "tests\TestSupport\TestSupport.csproj", "{4040CA0E-5227-4B7E-9C8C-1DF62C259BEA}"
EndProject
Project("{FAE04EC0-301F-11D3-BF4B-00C04F79EFBC}") = "Shared.Security", "services\_shared\Shared.Security\Shared.Security.csproj", "{79265882-D9AA-4705-8E67-1CDB05F2E91E}"
EndProject
Project("{FAE04EC0-301F-11D3-BF4B-00C04F79EFBC}") = "speaking-service", "services\speaking-service\speaking-service.csproj", "{60D9752F-E32D-4983-A4DA-0BE1BBB5CF95}"
EndProject
Project("{FAE04EC0-301F-11D3-BF4B-00C04F79EFBC}") = "writing-service", "services\writing-service\writing-service.csproj", "{3DCFB818-6D34-4EC5-B268-222E2F2DB092}"
EndProject
Project("{FAE04EC0-301F-11D3-BF4B-00C04F79EFBC}") = "chatbot-service", "services\chatbot-service\chatbot-service.csproj", "{9CEB6202-E143-490A-8B58-1288FA387CE8}"
EndProject
Project("{2150E333-8FDC-42A3-9474-1A3956D46DE8}") = "Solution Items", "Solution Items", "{061826B3-4702-469E-9602-41D22CAEA919}"
	ProjectSection(SolutionItems) = preProject
		compose.yaml = compose.yaml
	EndProjectSection
EndProject
Project("{FAE04EC0-301F-11D3-BF4B-00C04F79EFBC}") = "VocabularyService.UnitTests", "tests\unit\VocabularyService.UnitTests\VocabularyService.UnitTests.csproj", "{661F2957-714D-4E3B-A581-2D2C1756BA1B}"
EndProject
Project("{FAE04EC0-301F-11D3-BF4B-00C04F79EFBC}") = "EmailService.UnitTests", "tests\unit\EmailService.UnitTests\EmailService.UnitTests.csproj", "{89720BCD-D24D-4A6B-9E86-A2EDE276B085}"
EndProject
Project("{FAE04EC0-301F-11D3-BF4B-00C04F79EFBC}") = "IntegrationTests", "tests\integration\IntegrationTests\IntegrationTests.csproj", "{D558EB52-3626-457A-B63C-7ED711C0F4C1}"
EndProject
Project("{FAE04EC0-301F-11D3-BF4B-00C04F79EFBC}") = "dictionary-service", "services\dictionary-service\dictionary-service.csproj", "{CBE6F43A-322C-4EBD-A876-AE5E9C5AD689}"
EndProject
Global
	GlobalSection(SolutionConfigurationPlatforms) = preSolution
		Debug|Any CPU = Debug|Any CPU
		Debug|x64 = Debug|x64
		Debug|x86 = Debug|x86
		Release|Any CPU = Release|Any CPU
		Release|x64 = Release|x64
		Release|x86 = Release|x86
	EndGlobalSection
	GlobalSection(ProjectConfigurationPlatforms) = postSolution
		{6F1D2BB9-0547-4B6A-9376-141BCDD261FC}.Debug|Any CPU.ActiveCfg = Debug|Any CPU
		{6F1D2BB9-0547-4B6A-9376-141BCDD261FC}.Debug|Any CPU.Build.0 = Debug|Any CPU
		{6F1D2BB9-0547-4B6A-9376-141BCDD261FC}.Debug|x64.ActiveCfg = Debug|Any CPU
		{6F1D2BB9-0547-4B6A-9376-141BCDD261FC}.Debug|x64.Build.0 = Debug|Any CPU
		{6F1D2BB9-0547-4B6A-9376-141BCDD261FC}.Debug|x86.ActiveCfg = Debug|Any CPU
		{6F1D2BB9-0547-4B6A-9376-141BCDD261FC}.Debug|x86.Build.0 = Debug|Any CPU
		{6F1D2BB9-0547-4B6A-9376-141BCDD261FC}.Release|Any CPU.ActiveCfg = Release|Any CPU
		{6F1D2BB9-0547-4B6A-9376-141BCDD261FC}.Release|Any CPU.Build.0 = Release|Any CPU
		{6F1D2BB9-0547-4B6A-9376-141BCDD261FC}.Release|x64.ActiveCfg = Release|Any CPU
		{6F1D2BB9-0547-4B6A-9376-141BCDD261FC}.Release|x64.Build.0 = Release|Any CPU
		{6F1D2BB9-0547-4B6A-9376-141BCDD261FC}.Release|x86.ActiveCfg = Release|Any CPU
		{6F1D2BB9-0547-4B6A-9376-141BCDD261FC}.Release|x86.Build.0 = Release|Any CPU
		{1177EF03-3D77-44D0-8559-B2DC8D9C22A6}.Debug|Any CPU.ActiveCfg = Debug|Any CPU
		{1177EF03-3D77-44D0-8559-B2DC8D9C22A6}.Debug|Any CPU.Build.0 = Debug|Any CPU
		{1177EF03-3D77-44D0-8559-B2DC8D9C22A6}.Debug|x64.ActiveCfg = Debug|Any CPU
		{1177EF03-3D77-44D0-8559-B2DC8D9C22A6}.Debug|x64.Build.0 = Debug|Any CPU
		{1177EF03-3D77-44D0-8559-B2DC8D9C22A6}.Debug|x86.ActiveCfg = Debug|Any CPU
		{1177EF03-3D77-44D0-8559-B2DC8D9C22A6}.Debug|x86.Build.0 = Debug|Any CPU
		{1177EF03-3D77-44D0-8559-B2DC8D9C22A6}.Release|Any CPU.ActiveCfg = Release|Any CPU
		{1177EF03-3D77-44D0-8559-B2DC8D9C22A6}.Release|Any CPU.Build.0 = Release|Any CPU
		{1177EF03-3D77-44D0-8559-B2DC8D9C22A6}.Release|x64.ActiveCfg = Release|Any CPU
		{1177EF03-3D77-44D0-8559-B2DC8D9C22A6}.Release|x64.Build.0 = Release|Any CPU
		{1177EF03-3D77-44D0-8559-B2DC8D9C22A6}.Release|x86.ActiveCfg = Release|Any CPU
		{1177EF03-3D77-44D0-8559-B2DC8D9C22A6}.Release|x86.Build.0 = Release|Any CPU
		{B6898CB8-33C7-439D-82B2-D85FFAE691A0}.Debug|Any CPU.ActiveCfg = Debug|Any CPU
		{B6898CB8-33C7-439D-82B2-D85FFAE691A0}.Debug|Any CPU.Build.0 = Debug|Any CPU
		{B6898CB8-33C7-439D-82B2-D85FFAE691A0}.Debug|x64.ActiveCfg = Debug|Any CPU
		{B6898CB8-33C7-439D-82B2-D85FFAE691A0}.Debug|x64.Build.0 = Debug|Any CPU
		{B6898CB8-33C7-439D-82B2-D85FFAE691A0}.Debug|x86.ActiveCfg = Debug|Any CPU
		{B6898CB8-33C7-439D-82B2-D85FFAE691A0}.Debug|x86.Build.0 = Debug|Any CPU
		{B6898CB8-33C7-439D-82B2-D85FFAE691A0}.Release|Any CPU.ActiveCfg = Release|Any CPU
		{B6898CB8-33C7-439D-82B2-D85FFAE691A0}.Release|Any CPU.Build.0 = Release|Any CPU
		{B6898CB8-33C7-439D-82B2-D85FFAE691A0}.Release|x64.ActiveCfg = Release|Any CPU
		{B6898CB8-33C7-439D-82B2-D85FFAE691A0}.Release|x64.Build.0 = Release|Any CPU
		{B6898CB8-33C7-439D-82B2-D85FFAE691A0}.Release|x86.ActiveCfg = Release|Any CPU
		{B6898CB8-33C7-439D-82B2-D85FFAE691A0}.Release|x86.Build.0 = Release|Any CPU
		{37BA454A-3C78-4DB7-BAB0-51A343BF10E0}.Debug|Any CPU.ActiveCfg = Debug|Any CPU
		{37BA454A-3C78-4DB7-BAB0-51A343BF10E0}.Debug|Any CPU.Build.0 = Debug|Any CPU
		{37BA454A-3C78-4DB7-BAB0-51A343BF10E0}.Debug|x64.ActiveCfg = Debug|Any CPU
		{37BA454A-3C78-4DB7-BAB0-51A343BF10E0}.Debug|x64.Build.0 = Debug|Any CPU
		{37BA454A-3C78-4DB7-BAB0-51A343BF10E0}.Debug|x86.ActiveCfg = Debug|Any CPU
		{37BA454A-3C78-4DB7-BAB0-51A343BF10E0}.Debug|x86.Build.0 = Debug|Any CPU
		{37BA454A-3C78-4DB7-BAB0-51A343BF10E0}.Release|Any CPU.ActiveCfg = Release|Any CPU
		{37BA454A-3C78-4DB7-BAB0-51A343BF10E0}.Release|Any CPU.Build.0 = Release|Any CPU
		{37BA454A-3C78-4DB7-BAB0-51A343BF10E0}.Release|x64.ActiveCfg = Release|Any CPU
		{37BA454A-3C78-4DB7-BAB0-51A343BF10E0}.Release|x64.Build.0 = Release|Any CPU
		{37BA454A-3C78-4DB7-BAB0-51A343BF10E0}.Release|x86.ActiveCfg = Release|Any CPU
		{37BA454A-3C78-4DB7-BAB0-51A343BF10E0}.Release|x86.Build.0 = Release|Any CPU
		{4817320C-F107-42C3-8AD7-EA80136AAA71}.Debug|Any CPU.ActiveCfg = Debug|Any CPU
		{4817320C-F107-42C3-8AD7-EA80136AAA71}.Debug|Any CPU.Build.0 = Debug|Any CPU
		{4817320C-F107-42C3-8AD7-EA80136AAA71}.Debug|x64.ActiveCfg = Debug|Any CPU
		{4817320C-F107-42C3-8AD7-EA80136AAA71}.Debug|x64.Build.0 = Debug|Any CPU
		{4817320C-F107-42C3-8AD7-EA80136AAA71}.Debug|x86.ActiveCfg = Debug|Any CPU
		{4817320C-F107-42C3-8AD7-EA80136AAA71}.Debug|x86.Build.0 = Debug|Any CPU
		{4817320C-F107-42C3-8AD7-EA80136AAA71}.Release|Any CPU.ActiveCfg = Release|Any CPU
		{4817320C-F107-42C3-8AD7-EA80136AAA71}.Release|Any CPU.Build.0 = Release|Any CPU
		{4817320C-F107-42C3-8AD7-EA80136AAA71}.Release|x64.ActiveCfg = Release|Any CPU
		{4817320C-F107-42C3-8AD7-EA80136AAA71}.Release|x64.Build.0 = Release|Any CPU
		{4817320C-F107-42C3-8AD7-EA80136AAA71}.Release|x86.ActiveCfg = Release|Any CPU
		{4817320C-F107-42C3-8AD7-EA80136AAA71}.Release|x86.Build.0 = Release|Any CPU
		{0CF1F39B-FD27-4851-898D-5C5B23BC04EF}.Debug|Any CPU.ActiveCfg = Debug|Any CPU
		{0CF1F39B-FD27-4851-898D-5C5B23BC04EF}.Debug|Any CPU.Build.0 = Debug|Any CPU
		{0CF1F39B-FD27-4851-898D-5C5B23BC04EF}.Debug|x64.ActiveCfg = Debug|Any CPU
		{0CF1F39B-FD27-4851-898D-5C5B23BC04EF}.Debug|x64.Build.0 = Debug|Any CPU
		{0CF1F39B-FD27-4851-898D-5C5B23BC04EF}.Debug|x86.ActiveCfg = Debug|Any CPU
		{0CF1F39B-FD27-4851-898D-5C5B23BC04EF}.Debug|x86.Build.0 = Debug|Any CPU
		{0CF1F39B-FD27-4851-898D-5C5B23BC04EF}.Release|Any CPU.ActiveCfg = Release|Any CPU
		{0CF1F39B-FD27-4851-898D-5C5B23BC04EF}.Release|Any CPU.Build.0 = Release|Any CPU
		{0CF1F39B-FD27-4851-898D-5C5B23BC04EF}.Release|x64.ActiveCfg = Release|Any CPU
		{0CF1F39B-FD27-4851-898D-5C5B23BC04EF}.Release|x64.Build.0 = Release|Any CPU
		{0CF1F39B-FD27-4851-898D-5C5B23BC04EF}.Release|x86.ActiveCfg = Release|Any CPU
		{0CF1F39B-FD27-4851-898D-5C5B23BC04EF}.Release|x86.Build.0 = Release|Any CPU
		{7DF991B7-2A1C-4955-A605-5C1B8EAA3216}.Debug|Any CPU.ActiveCfg = Debug|Any CPU
		{7DF991B7-2A1C-4955-A605-5C1B8EAA3216}.Debug|Any CPU.Build.0 = Debug|Any CPU
		{7DF991B7-2A1C-4955-A605-5C1B8EAA3216}.Debug|x64.ActiveCfg = Debug|Any CPU
		{7DF991B7-2A1C-4955-A605-5C1B8EAA3216}.Debug|x64.Build.0 = Debug|Any CPU
		{7DF991B7-2A1C-4955-A605-5C1B8EAA3216}.Debug|x86.ActiveCfg = Debug|Any CPU
		{7DF991B7-2A1C-4955-A605-5C1B8EAA3216}.Debug|x86.Build.0 = Debug|Any CPU
		{7DF991B7-2A1C-4955-A605-5C1B8EAA3216}.Release|Any CPU.ActiveCfg = Release|Any CPU
		{7DF991B7-2A1C-4955-A605-5C1B8EAA3216}.Release|Any CPU.Build.0 = Release|Any CPU
		{7DF991B7-2A1C-4955-A605-5C1B8EAA3216}.Release|x64.ActiveCfg = Release|Any CPU
		{7DF991B7-2A1C-4955-A605-5C1B8EAA3216}.Release|x64.Build.0 = Release|Any CPU
		{7DF991B7-2A1C-4955-A605-5C1B8EAA3216}.Release|x86.ActiveCfg = Release|Any CPU
		{7DF991B7-2A1C-4955-A605-5C1B8EAA3216}.Release|x86.Build.0 = Release|Any CPU
		{06E46606-0CEC-4EFA-A561-52817B338F95}.Debug|Any CPU.ActiveCfg = Debug|Any CPU
		{06E46606-0CEC-4EFA-A561-52817B338F95}.Debug|Any CPU.Build.0 = Debug|Any CPU
		{06E46606-0CEC-4EFA-A561-52817B338F95}.Debug|x64.ActiveCfg = Debug|Any CPU
		{06E46606-0CEC-4EFA-A561-52817B338F95}.Debug|x64.Build.0 = Debug|Any CPU
		{06E46606-0CEC-4EFA-A561-52817B338F95}.Debug|x86.ActiveCfg = Debug|Any CPU
		{06E46606-0CEC-4EFA-A561-52817B338F95}.Debug|x86.Build.0 = Debug|Any CPU
		{06E46606-0CEC-4EFA-A561-52817B338F95}.Release|Any CPU.ActiveCfg = Release|Any CPU
		{06E46606-0CEC-4EFA-A561-52817B338F95}.Release|Any CPU.Build.0 = Release|Any CPU
		{06E46606-0CEC-4EFA-A561-52817B338F95}.Release|x64.ActiveCfg = Release|Any CPU
		{06E46606-0CEC-4EFA-A561-52817B338F95}.Release|x64.Build.0 = Release|Any CPU
		{06E46606-0CEC-4EFA-A561-52817B338F95}.Release|x86.ActiveCfg = Release|Any CPU
		{06E46606-0CEC-4EFA-A561-52817B338F95}.Release|x86.Build.0 = Release|Any CPU
		{58DC41B2-286A-4C50-BF49-3318A11D0A30}.Debug|Any CPU.ActiveCfg = Debug|Any CPU
		{58DC41B2-286A-4C50-BF49-3318A11D0A30}.Debug|Any CPU.Build.0 = Debug|Any CPU
		{58DC41B2-286A-4C50-BF49-3318A11D0A30}.Debug|x64.ActiveCfg = Debug|Any CPU
		{58DC41B2-286A-4C50-BF49-3318A11D0A30}.Debug|x64.Build.0 = Debug|Any CPU
		{58DC41B2-286A-4C50-BF49-3318A11D0A30}.Debug|x86.ActiveCfg = Debug|Any CPU
		{58DC41B2-286A-4C50-BF49-3318A11D0A30}.Debug|x86.Build.0 = Debug|Any CPU
		{58DC41B2-286A-4C50-BF49-3318A11D0A30}.Release|Any CPU.ActiveCfg = Release|Any CPU
		{58DC41B2-286A-4C50-BF49-3318A11D0A30}.Release|Any CPU.Build.0 = Release|Any CPU
		{58DC41B2-286A-4C50-BF49-3318A11D0A30}.Release|x64.ActiveCfg = Release|Any CPU
		{58DC41B2-286A-4C50-BF49-3318A11D0A30}.Release|x64.Build.0 = Release|Any CPU
		{58DC41B2-286A-4C50-BF49-3318A11D0A30}.Release|x86.ActiveCfg = Release|Any CPU
		{58DC41B2-286A-4C50-BF49-3318A11D0A30}.Release|x86.Build.0 = Release|Any CPU
		{C3BA51F6-2E3B-4B53-855F-BEAF065FF3C7}.Debug|Any CPU.ActiveCfg = Debug|Any CPU
		{C3BA51F6-2E3B-4B53-855F-BEAF065FF3C7}.Debug|Any CPU.Build.0 = Debug|Any CPU
		{C3BA51F6-2E3B-4B53-855F-BEAF065FF3C7}.Debug|x64.ActiveCfg = Debug|Any CPU
		{C3BA51F6-2E3B-4B53-855F-BEAF065FF3C7}.Debug|x64.Build.0 = Debug|Any CPU
		{C3BA51F6-2E3B-4B53-855F-BEAF065FF3C7}.Debug|x86.ActiveCfg = Debug|Any CPU
		{C3BA51F6-2E3B-4B53-855F-BEAF065FF3C7}.Debug|x86.Build.0 = Debug|Any CPU
		{C3BA51F6-2E3B-4B53-855F-BEAF065FF3C7}.Release|Any CPU.ActiveCfg = Release|Any CPU
		{C3BA51F6-2E3B-4B53-855F-BEAF065FF3C7}.Release|Any CPU.Build.0 = Release|Any CPU
		{C3BA51F6-2E3B-4B53-855F-BEAF065FF3C7}.Release|x64.ActiveCfg = Release|Any CPU
		{C3BA51F6-2E3B-4B53-855F-BEAF065FF3C7}.Release|x64.Build.0 = Release|Any CPU
		{C3BA51F6-2E3B-4B53-855F-BEAF065FF3C7}.Release|x86.ActiveCfg = Release|Any CPU
		{C3BA51F6-2E3B-4B53-855F-BEAF065FF3C7}.Release|x86.Build.0 = Release|Any CPU
		{663D1BAF-676B-4627-B132-22F1A61D7A1A}.Debug|Any CPU.ActiveCfg = Debug|Any CPU
		{663D1BAF-676B-4627-B132-22F1A61D7A1A}.Debug|Any CPU.Build.0 = Debug|Any CPU
		{663D1BAF-676B-4627-B132-22F1A61D7A1A}.Debug|x64.ActiveCfg = Debug|Any CPU
		{663D1BAF-676B-4627-B132-22F1A61D7A1A}.Debug|x64.Build.0 = Debug|Any CPU
		{663D1BAF-676B-4627-B132-22F1A61D7A1A}.Debug|x86.ActiveCfg = Debug|Any CPU
		{663D1BAF-676B-4627-B132-22F1A61D7A1A}.Debug|x86.Build.0 = Debug|Any CPU
		{663D1BAF-676B-4627-B132-22F1A61D7A1A}.Release|Any CPU.ActiveCfg = Release|Any CPU
		{663D1BAF-676B-4627-B132-22F1A61D7A1A}.Release|Any CPU.Build.0 = Release|Any CPU
		{663D1BAF-676B-4627-B132-22F1A61D7A1A}.Release|x64.ActiveCfg = Release|Any CPU
		{663D1BAF-676B-4627-B132-22F1A61D7A1A}.Release|x64.Build.0 = Release|Any CPU
		{663D1BAF-676B-4627-B132-22F1A61D7A1A}.Release|x86.ActiveCfg = Release|Any CPU
		{663D1BAF-676B-4627-B132-22F1A61D7A1A}.Release|x86.Build.0 = Release|Any CPU
		{E4A5AFCA-19B5-42A1-B7F7-3C948307071E}.Debug|Any CPU.ActiveCfg = Debug|Any CPU
		{E4A5AFCA-19B5-42A1-B7F7-3C948307071E}.Debug|Any CPU.Build.0 = Debug|Any CPU
		{E4A5AFCA-19B5-42A1-B7F7-3C948307071E}.Debug|x64.ActiveCfg = Debug|Any CPU
		{E4A5AFCA-19B5-42A1-B7F7-3C948307071E}.Debug|x64.Build.0 = Debug|Any CPU
		{E4A5AFCA-19B5-42A1-B7F7-3C948307071E}.Debug|x86.ActiveCfg = Debug|Any CPU
		{E4A5AFCA-19B5-42A1-B7F7-3C948307071E}.Debug|x86.Build.0 = Debug|Any CPU
		{E4A5AFCA-19B5-42A1-B7F7-3C948307071E}.Release|Any CPU.ActiveCfg = Release|Any CPU
		{E4A5AFCA-19B5-42A1-B7F7-3C948307071E}.Release|Any CPU.Build.0 = Release|Any CPU
		{E4A5AFCA-19B5-42A1-B7F7-3C948307071E}.Release|x64.ActiveCfg = Release|Any CPU
		{E4A5AFCA-19B5-42A1-B7F7-3C948307071E}.Release|x64.Build.0 = Release|Any CPU
		{E4A5AFCA-19B5-42A1-B7F7-3C948307071E}.Release|x86.ActiveCfg = Release|Any CPU
		{E4A5AFCA-19B5-42A1-B7F7-3C948307071E}.Release|x86.Build.0 = Release|Any CPU
		{07F4502C-0257-4621-9BAC-77DD9F7FFE34}.Debug|Any CPU.ActiveCfg = Debug|Any CPU
		{07F4502C-0257-4621-9BAC-77DD9F7FFE34}.Debug|Any CPU.Build.0 = Debug|Any CPU
		{07F4502C-0257-4621-9BAC-77DD9F7FFE34}.Debug|x64.ActiveCfg = Debug|Any CPU
		{07F4502C-0257-4621-9BAC-77DD9F7FFE34}.Debug|x64.Build.0 = Debug|Any CPU
		{07F4502C-0257-4621-9BAC-77DD9F7FFE34}.Debug|x86.ActiveCfg = Debug|Any CPU
		{07F4502C-0257-4621-9BAC-77DD9F7FFE34}.Debug|x86.Build.0 = Debug|Any CPU
		{07F4502C-0257-4621-9BAC-77DD9F7FFE34}.Release|Any CPU.ActiveCfg = Release|Any CPU
		{07F4502C-0257-4621-9BAC-77DD9F7FFE34}.Release|Any CPU.Build.0 = Release|Any CPU
		{07F4502C-0257-4621-9BAC-77DD9F7FFE34}.Release|x64.ActiveCfg = Release|Any CPU
		{07F4502C-0257-4621-9BAC-77DD9F7FFE34}.Release|x64.Build.0 = Release|Any CPU
		{07F4502C-0257-4621-9BAC-77DD9F7FFE34}.Release|x86.ActiveCfg = Release|Any CPU
		{07F4502C-0257-4621-9BAC-77DD9F7FFE34}.Release|x86.Build.0 = Release|Any CPU
		{4040CA0E-5227-4B7E-9C8C-1DF62C259BEA}.Debug|Any CPU.ActiveCfg = Debug|Any CPU
		{4040CA0E-5227-4B7E-9C8C-1DF62C259BEA}.Debug|Any CPU.Build.0 = Debug|Any CPU
		{4040CA0E-5227-4B7E-9C8C-1DF62C259BEA}.Debug|x64.ActiveCfg = Debug|Any CPU
		{4040CA0E-5227-4B7E-9C8C-1DF62C259BEA}.Debug|x64.Build.0 = Debug|Any CPU
		{4040CA0E-5227-4B7E-9C8C-1DF62C259BEA}.Debug|x86.ActiveCfg = Debug|Any CPU
		{4040CA0E-5227-4B7E-9C8C-1DF62C259BEA}.Debug|x86.Build.0 = Debug|Any CPU
		{4040CA0E-5227-4B7E-9C8C-1DF62C259BEA}.Release|Any CPU.ActiveCfg = Release|Any CPU
		{4040CA0E-5227-4B7E-9C8C-1DF62C259BEA}.Release|Any CPU.Build.0 = Release|Any CPU
		{4040CA0E-5227-4B7E-9C8C-1DF62C259BEA}.Release|x64.ActiveCfg = Release|Any CPU
		{4040CA0E-5227-4B7E-9C8C-1DF62C259BEA}.Release|x64.Build.0 = Release|Any CPU
		{4040CA0E-5227-4B7E-9C8C-1DF62C259BEA}.Release|x86.ActiveCfg = Release|Any CPU
		{4040CA0E-5227-4B7E-9C8C-1DF62C259BEA}.Release|x86.Build.0 = Release|Any CPU
		{79265882-D9AA-4705-8E67-1CDB05F2E91E}.Debug|Any CPU.ActiveCfg = Debug|Any CPU
		{79265882-D9AA-4705-8E67-1CDB05F2E91E}.Debug|Any CPU.Build.0 = Debug|Any CPU
		{79265882-D9AA-4705-8E67-1CDB05F2E91E}.Debug|x64.ActiveCfg = Debug|Any CPU
		{79265882-D9AA-4705-8E67-1CDB05F2E91E}.Debug|x64.Build.0 = Debug|Any CPU
		{79265882-D9AA-4705-8E67-1CDB05F2E91E}.Debug|x86.ActiveCfg = Debug|Any CPU
		{79265882-D9AA-4705-8E67-1CDB05F2E91E}.Debug|x86.Build.0 = Debug|Any CPU
		{79265882-D9AA-4705-8E67-1CDB05F2E91E}.Release|Any CPU.ActiveCfg = Release|Any CPU
		{79265882-D9AA-4705-8E67-1CDB05F2E91E}.Release|Any CPU.Build.0 = Release|Any CPU
		{79265882-D9AA-4705-8E67-1CDB05F2E91E}.Release|x64.ActiveCfg = Release|Any CPU
		{79265882-D9AA-4705-8E67-1CDB05F2E91E}.Release|x64.Build.0 = Release|Any CPU
		{79265882-D9AA-4705-8E67-1CDB05F2E91E}.Release|x86.ActiveCfg = Release|Any CPU
		{79265882-D9AA-4705-8E67-1CDB05F2E91E}.Release|x86.Build.0 = Release|Any CPU
		{60D9752F-E32D-4983-A4DA-0BE1BBB5CF95}.Debug|Any CPU.ActiveCfg = Debug|Any CPU
		{60D9752F-E32D-4983-A4DA-0BE1BBB5CF95}.Debug|Any CPU.Build.0 = Debug|Any CPU
		{60D9752F-E32D-4983-A4DA-0BE1BBB5CF95}.Debug|x64.ActiveCfg = Debug|Any CPU
		{60D9752F-E32D-4983-A4DA-0BE1BBB5CF95}.Debug|x64.Build.0 = Debug|Any CPU
		{60D9752F-E32D-4983-A4DA-0BE1BBB5CF95}.Debug|x86.ActiveCfg = Debug|Any CPU
		{60D9752F-E32D-4983-A4DA-0BE1BBB5CF95}.Debug|x86.Build.0 = Debug|Any CPU
		{60D9752F-E32D-4983-A4DA-0BE1BBB5CF95}.Release|Any CPU.ActiveCfg = Release|Any CPU
		{60D9752F-E32D-4983-A4DA-0BE1BBB5CF95}.Release|Any CPU.Build.0 = Release|Any CPU
		{60D9752F-E32D-4983-A4DA-0BE1BBB5CF95}.Release|x64.ActiveCfg = Release|Any CPU
		{60D9752F-E32D-4983-A4DA-0BE1BBB5CF95}.Release|x64.Build.0 = Release|Any CPU
		{60D9752F-E32D-4983-A4DA-0BE1BBB5CF95}.Release|x86.ActiveCfg = Release|Any CPU
		{60D9752F-E32D-4983-A4DA-0BE1BBB5CF95}.Release|x86.Build.0 = Release|Any CPU
		{3DCFB818-6D34-4EC5-B268-222E2F2DB092}.Debug|Any CPU.ActiveCfg = Debug|Any CPU
		{3DCFB818-6D34-4EC5-B268-222E2F2DB092}.Debug|Any CPU.Build.0 = Debug|Any CPU
		{3DCFB818-6D34-4EC5-B268-222E2F2DB092}.Debug|x64.ActiveCfg = Debug|Any CPU
		{3DCFB818-6D34-4EC5-B268-222E2F2DB092}.Debug|x64.Build.0 = Debug|Any CPU
		{3DCFB818-6D34-4EC5-B268-222E2F2DB092}.Debug|x86.ActiveCfg = Debug|Any CPU
		{3DCFB818-6D34-4EC5-B268-222E2F2DB092}.Debug|x86.Build.0 = Debug|Any CPU
		{3DCFB818-6D34-4EC5-B268-222E2F2DB092}.Release|Any CPU.ActiveCfg = Release|Any CPU
		{3DCFB818-6D34-4EC5-B268-222E2F2DB092}.Release|Any CPU.Build.0 = Release|Any CPU
		{3DCFB818-6D34-4EC5-B268-222E2F2DB092}.Release|x64.ActiveCfg = Release|Any CPU
		{3DCFB818-6D34-4EC5-B268-222E2F2DB092}.Release|x64.Build.0 = Release|Any CPU
		{3DCFB818-6D34-4EC5-B268-222E2F2DB092}.Release|x86.ActiveCfg = Release|Any CPU
		{3DCFB818-6D34-4EC5-B268-222E2F2DB092}.Release|x86.Build.0 = Release|Any CPU
		{9CEB6202-E143-490A-8B58-1288FA387CE8}.Debug|Any CPU.ActiveCfg = Debug|Any CPU
		{9CEB6202-E143-490A-8B58-1288FA387CE8}.Debug|Any CPU.Build.0 = Debug|Any CPU
		{9CEB6202-E143-490A-8B58-1288FA387CE8}.Debug|x64.ActiveCfg = Debug|Any CPU
		{9CEB6202-E143-490A-8B58-1288FA387CE8}.Debug|x64.Build.0 = Debug|Any CPU
		{9CEB6202-E143-490A-8B58-1288FA387CE8}.Debug|x86.ActiveCfg = Debug|Any CPU
		{9CEB6202-E143-490A-8B58-1288FA387CE8}.Debug|x86.Build.0 = Debug|Any CPU
		{9CEB6202-E143-490A-8B58-1288FA387CE8}.Release|Any CPU.ActiveCfg = Release|Any CPU
		{9CEB6202-E143-490A-8B58-1288FA387CE8}.Release|Any CPU.Build.0 = Release|Any CPU
		{9CEB6202-E143-490A-8B58-1288FA387CE8}.Release|x64.ActiveCfg = Release|Any CPU
		{9CEB6202-E143-490A-8B58-1288FA387CE8}.Release|x64.Build.0 = Release|Any CPU
		{9CEB6202-E143-490A-8B58-1288FA387CE8}.Release|x86.ActiveCfg = Release|Any CPU
		{9CEB6202-E143-490A-8B58-1288FA387CE8}.Release|x86.Build.0 = Release|Any CPU
		{661F2957-714D-4E3B-A581-2D2C1756BA1B}.Debug|Any CPU.ActiveCfg = Debug|Any CPU
		{661F2957-714D-4E3B-A581-2D2C1756BA1B}.Debug|Any CPU.Build.0 = Debug|Any CPU
		{661F2957-714D-4E3B-A581-2D2C1756BA1B}.Debug|x64.ActiveCfg = Debug|Any CPU
		{661F2957-714D-4E3B-A581-2D2C1756BA1B}.Debug|x64.Build.0 = Debug|Any CPU
		{661F2957-714D-4E3B-A581-2D2C1756BA1B}.Debug|x86.ActiveCfg = Debug|Any CPU
		{661F2957-714D-4E3B-A581-2D2C1756BA1B}.Debug|x86.Build.0 = Debug|Any CPU
		{661F2957-714D-4E3B-A581-2D2C1756BA1B}.Release|Any CPU.ActiveCfg = Release|Any CPU
		{661F2957-714D-4E3B-A581-2D2C1756BA1B}.Release|Any CPU.Build.0 = Release|Any CPU
		{661F2957-714D-4E3B-A581-2D2C1756BA1B}.Release|x64.ActiveCfg = Release|Any CPU
		{661F2957-714D-4E3B-A581-2D2C1756BA1B}.Release|x64.Build.0 = Release|Any CPU
		{661F2957-714D-4E3B-A581-2D2C1756BA1B}.Release|x86.ActiveCfg = Release|Any CPU
		{661F2957-714D-4E3B-A581-2D2C1756BA1B}.Release|x86.Build.0 = Release|Any CPU
		{89720BCD-D24D-4A6B-9E86-A2EDE276B085}.Debug|Any CPU.ActiveCfg = Debug|Any CPU
		{89720BCD-D24D-4A6B-9E86-A2EDE276B085}.Debug|Any CPU.Build.0 = Debug|Any CPU
		{89720BCD-D24D-4A6B-9E86-A2EDE276B085}.Debug|x64.ActiveCfg = Debug|Any CPU
		{89720BCD-D24D-4A6B-9E86-A2EDE276B085}.Debug|x64.Build.0 = Debug|Any CPU
		{89720BCD-D24D-4A6B-9E86-A2EDE276B085}.Debug|x86.ActiveCfg = Debug|Any CPU
		{89720BCD-D24D-4A6B-9E86-A2EDE276B085}.Debug|x86.Build.0 = Debug|Any CPU
		{89720BCD-D24D-4A6B-9E86-A2EDE276B085}.Release|Any CPU.ActiveCfg = Release|Any CPU
		{89720BCD-D24D-4A6B-9E86-A2EDE276B085}.Release|Any CPU.Build.0 = Release|Any CPU
		{89720BCD-D24D-4A6B-9E86-A2EDE276B085}.Release|x64.ActiveCfg = Release|Any CPU
		{89720BCD-D24D-4A6B-9E86-A2EDE276B085}.Release|x64.Build.0 = Release|Any CPU
		{89720BCD-D24D-4A6B-9E86-A2EDE276B085}.Release|x86.ActiveCfg = Release|Any CPU
		{89720BCD-D24D-4A6B-9E86-A2EDE276B085}.Release|x86.Build.0 = Release|Any CPU
		{D558EB52-3626-457A-B63C-7ED711C0F4C1}.Debug|Any CPU.ActiveCfg = Debug|Any CPU
		{D558EB52-3626-457A-B63C-7ED711C0F4C1}.Debug|Any CPU.Build.0 = Debug|Any CPU
		{D558EB52-3626-457A-B63C-7ED711C0F4C1}.Debug|x64.ActiveCfg = Debug|Any CPU
		{D558EB52-3626-457A-B63C-7ED711C0F4C1}.Debug|x64.Build.0 = Debug|Any CPU
		{D558EB52-3626-457A-B63C-7ED711C0F4C1}.Debug|x86.ActiveCfg = Debug|Any CPU
		{D558EB52-3626-457A-B63C-7ED711C0F4C1}.Debug|x86.Build.0 = Debug|Any CPU
		{D558EB52-3626-457A-B63C-7ED711C0F4C1}.Release|Any CPU.ActiveCfg = Release|Any CPU
		{D558EB52-3626-457A-B63C-7ED711C0F4C1}.Release|Any CPU.Build.0 = Release|Any CPU
		{D558EB52-3626-457A-B63C-7ED711C0F4C1}.Release|x64.ActiveCfg = Release|Any CPU
		{D558EB52-3626-457A-B63C-7ED711C0F4C1}.Release|x64.Build.0 = Release|Any CPU
		{D558EB52-3626-457A-B63C-7ED711C0F4C1}.Release|x86.ActiveCfg = Release|Any CPU
		{D558EB52-3626-457A-B63C-7ED711C0F4C1}.Release|x86.Build.0 = Release|Any CPU
		{CBE6F43A-322C-4EBD-A876-AE5E9C5AD689}.Debug|Any CPU.ActiveCfg = Debug|Any CPU
		{CBE6F43A-322C-4EBD-A876-AE5E9C5AD689}.Debug|Any CPU.Build.0 = Debug|Any CPU
		{CBE6F43A-322C-4EBD-A876-AE5E9C5AD689}.Debug|x64.ActiveCfg = Debug|Any CPU
		{CBE6F43A-322C-4EBD-A876-AE5E9C5AD689}.Debug|x64.Build.0 = Debug|Any CPU
		{CBE6F43A-322C-4EBD-A876-AE5E9C5AD689}.Debug|x86.ActiveCfg = Debug|Any CPU
		{CBE6F43A-322C-4EBD-A876-AE5E9C5AD689}.Debug|x86.Build.0 = Debug|Any CPU
		{CBE6F43A-322C-4EBD-A876-AE5E9C5AD689}.Release|Any CPU.ActiveCfg = Release|Any CPU
		{CBE6F43A-322C-4EBD-A876-AE5E9C5AD689}.Release|Any CPU.Build.0 = Release|Any CPU
		{CBE6F43A-322C-4EBD-A876-AE5E9C5AD689}.Release|x64.ActiveCfg = Release|Any CPU
		{CBE6F43A-322C-4EBD-A876-AE5E9C5AD689}.Release|x64.Build.0 = Release|Any CPU
		{CBE6F43A-322C-4EBD-A876-AE5E9C5AD689}.Release|x86.ActiveCfg = Release|Any CPU
		{CBE6F43A-322C-4EBD-A876-AE5E9C5AD689}.Release|x86.Build.0 = Release|Any CPU
	EndGlobalSection
	GlobalSection(SolutionProperties) = preSolution
		HideSolutionNode = FALSE
	EndGlobalSection
	GlobalSection(NestedProjects) = preSolution
		{6F1D2BB9-0547-4B6A-9376-141BCDD261FC} = {021FFD3A-5948-473F-B42D-E0EDEAC91CD8}
		{1177EF03-3D77-44D0-8559-B2DC8D9C22A6} = {215F11E7-EFE4-4E3A-8843-5A71B6DF9A9C}
		{B6898CB8-33C7-439D-82B2-D85FFAE691A0} = {215F11E7-EFE4-4E3A-8843-5A71B6DF9A9C}
		{37BA454A-3C78-4DB7-BAB0-51A343BF10E0} = {215F11E7-EFE4-4E3A-8843-5A71B6DF9A9C}
		{4817320C-F107-42C3-8AD7-EA80136AAA71} = {215F11E7-EFE4-4E3A-8843-5A71B6DF9A9C}
		{0CF1F39B-FD27-4851-898D-5C5B23BC04EF} = {215F11E7-EFE4-4E3A-8843-5A71B6DF9A9C}
		{7DF991B7-2A1C-4955-A605-5C1B8EAA3216} = {215F11E7-EFE4-4E3A-8843-5A71B6DF9A9C}
		{9CCDCC33-E657-41B7-9D32-99A8FE1F009A} = {B24F5DF2-7C37-4B3C-9211-6F60258C9555}
		{06E46606-0CEC-4EFA-A561-52817B338F95} = {9CCDCC33-E657-41B7-9D32-99A8FE1F009A}
		{2E06081D-E5F2-4A4A-B4E6-D123B60777C0} = {215F11E7-EFE4-4E3A-8843-5A71B6DF9A9C}
		{58DC41B2-286A-4C50-BF49-3318A11D0A30} = {2E06081D-E5F2-4A4A-B4E6-D123B60777C0}
		{C3BA51F6-2E3B-4B53-855F-BEAF065FF3C7} = {2E06081D-E5F2-4A4A-B4E6-D123B60777C0}
		{663D1BAF-676B-4627-B132-22F1A61D7A1A} = {B24F5DF2-7C37-4B3C-9211-6F60258C9555}
		{E4A5AFCA-19B5-42A1-B7F7-3C948307071E} = {B24F5DF2-7C37-4B3C-9211-6F60258C9555}
		{07F4502C-0257-4621-9BAC-77DD9F7FFE34} = {B24F5DF2-7C37-4B3C-9211-6F60258C9555}
		{4040CA0E-5227-4B7E-9C8C-1DF62C259BEA} = {B24F5DF2-7C37-4B3C-9211-6F60258C9555}
		{79265882-D9AA-4705-8E67-1CDB05F2E91E} = {2E06081D-E5F2-4A4A-B4E6-D123B60777C0}
		{60D9752F-E32D-4983-A4DA-0BE1BBB5CF95} = {215F11E7-EFE4-4E3A-8843-5A71B6DF9A9C}
		{3DCFB818-6D34-4EC5-B268-222E2F2DB092} = {215F11E7-EFE4-4E3A-8843-5A71B6DF9A9C}
		{9CEB6202-E143-490A-8B58-1288FA387CE8} = {215F11E7-EFE4-4E3A-8843-5A71B6DF9A9C}
		{661F2957-714D-4E3B-A581-2D2C1756BA1B} = {B24F5DF2-7C37-4B3C-9211-6F60258C9555}
		{89720BCD-D24D-4A6B-9E86-A2EDE276B085} = {B24F5DF2-7C37-4B3C-9211-6F60258C9555}
		{D558EB52-3626-457A-B63C-7ED711C0F4C1} = {B24F5DF2-7C37-4B3C-9211-6F60258C9555}
		{CBE6F43A-322C-4EBD-A876-AE5E9C5AD689} = {215F11E7-EFE4-4E3A-8843-5A71B6DF9A9C}
	EndGlobalSection
EndGlobal
