
Microsoft Visual Studio Solution File, Format Version 12.00
# Visual Studio Version 17
VisualStudioVersion = 17.0.31903.59
MinimumVisualStudioVersion = 10.0.40219.1
Project("{FAE04EC0-301F-11D3-BF4B-00C04F79EFBC}") = "LangfensEnglish.Tests.Common", "LangfensEnglish.Tests.Common\LangfensEnglish.Tests.Common.csproj", "{EEEE3D79-135B-447D-B25E-C3D72536E422}"
EndProject
Project("{FAE04EC0-301F-11D3-BF4B-00C04F79EFBC}") = "auth-service", "..\services\auth-service\auth-service.csproj", "{94250ACE-21DF-42A9-A94B-8AF5AAF31FD0}"
EndProject
Project("{FAE04EC0-301F-11D3-BF4B-00C04F79EFBC}") = "Shared.Grpc", "..\services\_shared\Shared.Grpc\Shared.Grpc.csproj", "{C2DDFA9D-29B0-446D-A29F-2B1C219058B4}"
EndProject
Project("{FAE04EC0-301F-11D3-BF4B-00C04F79EFBC}") = "Shared.PublicContracts", "..\services\_shared\Shared.PublicContracts\Shared.PublicContracts.csproj", "{C9C62DBA-2D18-483A-9DAF-E6BE6A540762}"
EndProject
Project("{FAE04EC0-301F-11D3-BF4B-00C04F79EFBC}") = "Shared.Security", "..\services\_shared\Shared.Security\Shared.Security.csproj", "{74268983-2052-4FC4-91E7-D027D87C5E50}"
EndProject
Project("{FAE04EC0-301F-11D3-BF4B-00C04F79EFBC}") = "course-service", "..\services\course-service\course-service.csproj", "{AF8C46E8-4197-4BCB-89D6-344E78749E18}"
EndProject
Project("{FAE04EC0-301F-11D3-BF4B-00C04F79EFBC}") = "vocabulary-service", "..\services\vocabulary-service\vocabulary-service.csproj", "{55B7F4DC-E843-417A-9A03-0BDEBD0232E7}"
EndProject
Project("{FAE04EC0-301F-11D3-BF4B-00C04F79EFBC}") = "exam-service", "..\services\exam-service\exam-service.csproj", "{DED89585-CF51-4AD6-AB8A-32223F4D3211}"
EndProject
Project("{FAE04EC0-301F-11D3-BF4B-00C04F79EFBC}") = "attempt-service", "..\services\attempt-service\attempt-service.csproj", "{81F62BC8-E4F6-419F-9A46-7FFDC5AB81CB}"
EndProject
Project("{FAE04EC0-301F-11D3-BF4B-00C04F79EFBC}") = "speaking-service", "..\services\speaking-service\speaking-service.csproj", "{004ECA66-4D62-476C-A95F-EBD9D5083082}"
EndProject
Project("{FAE04EC0-301F-11D3-BF4B-00C04F79EFBC}") = "writing-service", "..\services\writing-service\writing-service.csproj", "{08699388-C108-4758-A2C5-D3F35AEC0C12}"
EndProject
Project("{FAE04EC0-301F-11D3-BF4B-00C04F79EFBC}") = "api-gateway", "..\gateway\api-gateway\api-gateway.csproj", "{6E4F6481-DA3A-45D9-8512-9AC4268D1968}"
EndProject
Project("{FAE04EC0-301F-11D3-BF4B-00C04F79EFBC}") = "AuthService.UnitTests", "AuthService.UnitTests\AuthService.UnitTests.csproj", "{26E909FB-6943-449F-BC1C-DFCB33DC6183}"
EndProject
Project("{FAE04EC0-301F-11D3-BF4B-00C04F79EFBC}") = "CourseService.UnitTests", "CourseService.UnitTests\CourseService.UnitTests.csproj", "{5317B409-496F-48A3-AED4-3C3B5DDAE6A3}"
EndProject
Project("{FAE04EC0-301F-11D3-BF4B-00C04F79EFBC}") = "ExamService.UnitTests", "ExamService.UnitTests\ExamService.UnitTests.csproj", "{44D5F3D7-1D37-4EEF-84F7-2E7166AF550B}"
EndProject
Project("{FAE04EC0-301F-11D3-BF4B-00C04F79EFBC}") = "VocabularyService.UnitTests", "VocabularyService.UnitTests\VocabularyService.UnitTests.csproj", "{B2D2B45C-A86D-44E2-AC91-06A8F929E8BF}"
EndProject
Project("{FAE04EC0-301F-11D3-BF4B-00C04F79EFBC}") = "AttemptService.UnitTests", "AttemptService.UnitTests\AttemptService.UnitTests.csproj", "{5B8C2F29-E8EF-4974-B30E-C412E422ECCA}"
EndProject
Global
	GlobalSection(SolutionConfigurationPlatforms) = preSolution
		Debug|Any CPU = Debug|Any CPU
		Debug|x64 = Debug|x64
		Debug|x86 = Debug|x86
		Release|Any CPU = Release|Any CPU
		Release|x64 = Release|x64
		Release|x86 = Release|x86
	EndGlobalSection
	GlobalSection(ProjectConfigurationPlatforms) = postSolution
		{EEEE3D79-135B-447D-B25E-C3D72536E422}.Debug|Any CPU.ActiveCfg = Debug|Any CPU
		{EEEE3D79-135B-447D-B25E-C3D72536E422}.Debug|Any CPU.Build.0 = Debug|Any CPU
		{EEEE3D79-135B-447D-B25E-C3D72536E422}.Debug|x64.ActiveCfg = Debug|Any CPU
		{EEEE3D79-135B-447D-B25E-C3D72536E422}.Debug|x64.Build.0 = Debug|Any CPU
		{EEEE3D79-135B-447D-B25E-C3D72536E422}.Debug|x86.ActiveCfg = Debug|Any CPU
		{EEEE3D79-135B-447D-B25E-C3D72536E422}.Debug|x86.Build.0 = Debug|Any CPU
		{EEEE3D79-135B-447D-B25E-C3D72536E422}.Release|Any CPU.ActiveCfg = Release|Any CPU
		{EEEE3D79-135B-447D-B25E-C3D72536E422}.Release|Any CPU.Build.0 = Release|Any CPU
		{EEEE3D79-135B-447D-B25E-C3D72536E422}.Release|x64.ActiveCfg = Release|Any CPU
		{EEEE3D79-135B-447D-B25E-C3D72536E422}.Release|x64.Build.0 = Release|Any CPU
		{EEEE3D79-135B-447D-B25E-C3D72536E422}.Release|x86.ActiveCfg = Release|Any CPU
		{EEEE3D79-135B-447D-B25E-C3D72536E422}.Release|x86.Build.0 = Release|Any CPU
		{94250ACE-21DF-42A9-A94B-8AF5AAF31FD0}.Debug|Any CPU.ActiveCfg = Debug|Any CPU
		{94250ACE-21DF-42A9-A94B-8AF5AAF31FD0}.Debug|Any CPU.Build.0 = Debug|Any CPU
		{94250ACE-21DF-42A9-A94B-8AF5AAF31FD0}.Debug|x64.ActiveCfg = Debug|Any CPU
		{94250ACE-21DF-42A9-A94B-8AF5AAF31FD0}.Debug|x64.Build.0 = Debug|Any CPU
		{94250ACE-21DF-42A9-A94B-8AF5AAF31FD0}.Debug|x86.ActiveCfg = Debug|Any CPU
		{94250ACE-21DF-42A9-A94B-8AF5AAF31FD0}.Debug|x86.Build.0 = Debug|Any CPU
		{94250ACE-21DF-42A9-A94B-8AF5AAF31FD0}.Release|Any CPU.ActiveCfg = Release|Any CPU
		{94250ACE-21DF-42A9-A94B-8AF5AAF31FD0}.Release|Any CPU.Build.0 = Release|Any CPU
		{94250ACE-21DF-42A9-A94B-8AF5AAF31FD0}.Release|x64.ActiveCfg = Release|Any CPU
		{94250ACE-21DF-42A9-A94B-8AF5AAF31FD0}.Release|x64.Build.0 = Release|Any CPU
		{94250ACE-21DF-42A9-A94B-8AF5AAF31FD0}.Release|x86.ActiveCfg = Release|Any CPU
		{94250ACE-21DF-42A9-A94B-8AF5AAF31FD0}.Release|x86.Build.0 = Release|Any CPU
		{C2DDFA9D-29B0-446D-A29F-2B1C219058B4}.Debug|Any CPU.ActiveCfg = Debug|Any CPU
		{C2DDFA9D-29B0-446D-A29F-2B1C219058B4}.Debug|Any CPU.Build.0 = Debug|Any CPU
		{C2DDFA9D-29B0-446D-A29F-2B1C219058B4}.Debug|x64.ActiveCfg = Debug|Any CPU
		{C2DDFA9D-29B0-446D-A29F-2B1C219058B4}.Debug|x64.Build.0 = Debug|Any CPU
		{C2DDFA9D-29B0-446D-A29F-2B1C219058B4}.Debug|x86.ActiveCfg = Debug|Any CPU
		{C2DDFA9D-29B0-446D-A29F-2B1C219058B4}.Debug|x86.Build.0 = Debug|Any CPU
		{C2DDFA9D-29B0-446D-A29F-2B1C219058B4}.Release|Any CPU.ActiveCfg = Release|Any CPU
		{C2DDFA9D-29B0-446D-A29F-2B1C219058B4}.Release|Any CPU.Build.0 = Release|Any CPU
		{C2DDFA9D-29B0-446D-A29F-2B1C219058B4}.Release|x64.ActiveCfg = Release|Any CPU
		{C2DDFA9D-29B0-446D-A29F-2B1C219058B4}.Release|x64.Build.0 = Release|Any CPU
		{C2DDFA9D-29B0-446D-A29F-2B1C219058B4}.Release|x86.ActiveCfg = Release|Any CPU
		{C2DDFA9D-29B0-446D-A29F-2B1C219058B4}.Release|x86.Build.0 = Release|Any CPU
		{C9C62DBA-2D18-483A-9DAF-E6BE6A540762}.Debug|Any CPU.ActiveCfg = Debug|Any CPU
		{C9C62DBA-2D18-483A-9DAF-E6BE6A540762}.Debug|Any CPU.Build.0 = Debug|Any CPU
		{C9C62DBA-2D18-483A-9DAF-E6BE6A540762}.Debug|x64.ActiveCfg = Debug|Any CPU
		{C9C62DBA-2D18-483A-9DAF-E6BE6A540762}.Debug|x64.Build.0 = Debug|Any CPU
		{C9C62DBA-2D18-483A-9DAF-E6BE6A540762}.Debug|x86.ActiveCfg = Debug|Any CPU
		{C9C62DBA-2D18-483A-9DAF-E6BE6A540762}.Debug|x86.Build.0 = Debug|Any CPU
		{C9C62DBA-2D18-483A-9DAF-E6BE6A540762}.Release|Any CPU.ActiveCfg = Release|Any CPU
		{C9C62DBA-2D18-483A-9DAF-E6BE6A540762}.Release|Any CPU.Build.0 = Release|Any CPU
		{C9C62DBA-2D18-483A-9DAF-E6BE6A540762}.Release|x64.ActiveCfg = Release|Any CPU
		{C9C62DBA-2D18-483A-9DAF-E6BE6A540762}.Release|x64.Build.0 = Release|Any CPU
		{C9C62DBA-2D18-483A-9DAF-E6BE6A540762}.Release|x86.ActiveCfg = Release|Any CPU
		{C9C62DBA-2D18-483A-9DAF-E6BE6A540762}.Release|x86.Build.0 = Release|Any CPU
		{74268983-2052-4FC4-91E7-D027D87C5E50}.Debug|Any CPU.ActiveCfg = Debug|Any CPU
		{74268983-2052-4FC4-91E7-D027D87C5E50}.Debug|Any CPU.Build.0 = Debug|Any CPU
		{74268983-2052-4FC4-91E7-D027D87C5E50}.Debug|x64.ActiveCfg = Debug|Any CPU
		{74268983-2052-4FC4-91E7-D027D87C5E50}.Debug|x64.Build.0 = Debug|Any CPU
		{74268983-2052-4FC4-91E7-D027D87C5E50}.Debug|x86.ActiveCfg = Debug|Any CPU
		{74268983-2052-4FC4-91E7-D027D87C5E50}.Debug|x86.Build.0 = Debug|Any CPU
		{74268983-2052-4FC4-91E7-D027D87C5E50}.Release|Any CPU.ActiveCfg = Release|Any CPU
		{74268983-2052-4FC4-91E7-D027D87C5E50}.Release|Any CPU.Build.0 = Release|Any CPU
		{74268983-2052-4FC4-91E7-D027D87C5E50}.Release|x64.ActiveCfg = Release|Any CPU
		{74268983-2052-4FC4-91E7-D027D87C5E50}.Release|x64.Build.0 = Release|Any CPU
		{74268983-2052-4FC4-91E7-D027D87C5E50}.Release|x86.ActiveCfg = Release|Any CPU
		{74268983-2052-4FC4-91E7-D027D87C5E50}.Release|x86.Build.0 = Release|Any CPU
		{AF8C46E8-4197-4BCB-89D6-344E78749E18}.Debug|Any CPU.ActiveCfg = Debug|Any CPU
		{AF8C46E8-4197-4BCB-89D6-344E78749E18}.Debug|Any CPU.Build.0 = Debug|Any CPU
		{AF8C46E8-4197-4BCB-89D6-344E78749E18}.Debug|x64.ActiveCfg = Debug|Any CPU
		{AF8C46E8-4197-4BCB-89D6-344E78749E18}.Debug|x64.Build.0 = Debug|Any CPU
		{AF8C46E8-4197-4BCB-89D6-344E78749E18}.Debug|x86.ActiveCfg = Debug|Any CPU
		{AF8C46E8-4197-4BCB-89D6-344E78749E18}.Debug|x86.Build.0 = Debug|Any CPU
		{AF8C46E8-4197-4BCB-89D6-344E78749E18}.Release|Any CPU.ActiveCfg = Release|Any CPU
		{AF8C46E8-4197-4BCB-89D6-344E78749E18}.Release|Any CPU.Build.0 = Release|Any CPU
		{AF8C46E8-4197-4BCB-89D6-344E78749E18}.Release|x64.ActiveCfg = Release|Any CPU
		{AF8C46E8-4197-4BCB-89D6-344E78749E18}.Release|x64.Build.0 = Release|Any CPU
		{AF8C46E8-4197-4BCB-89D6-344E78749E18}.Release|x86.ActiveCfg = Release|Any CPU
		{AF8C46E8-4197-4BCB-89D6-344E78749E18}.Release|x86.Build.0 = Release|Any CPU
		{55B7F4DC-E843-417A-9A03-0BDEBD0232E7}.Debug|Any CPU.ActiveCfg = Debug|Any CPU
		{55B7F4DC-E843-417A-9A03-0BDEBD0232E7}.Debug|Any CPU.Build.0 = Debug|Any CPU
		{55B7F4DC-E843-417A-9A03-0BDEBD0232E7}.Debug|x64.ActiveCfg = Debug|Any CPU
		{55B7F4DC-E843-417A-9A03-0BDEBD0232E7}.Debug|x64.Build.0 = Debug|Any CPU
		{55B7F4DC-E843-417A-9A03-0BDEBD0232E7}.Debug|x86.ActiveCfg = Debug|Any CPU
		{55B7F4DC-E843-417A-9A03-0BDEBD0232E7}.Debug|x86.Build.0 = Debug|Any CPU
		{55B7F4DC-E843-417A-9A03-0BDEBD0232E7}.Release|Any CPU.ActiveCfg = Release|Any CPU
		{55B7F4DC-E843-417A-9A03-0BDEBD0232E7}.Release|Any CPU.Build.0 = Release|Any CPU
		{55B7F4DC-E843-417A-9A03-0BDEBD0232E7}.Release|x64.ActiveCfg = Release|Any CPU
		{55B7F4DC-E843-417A-9A03-0BDEBD0232E7}.Release|x64.Build.0 = Release|Any CPU
		{55B7F4DC-E843-417A-9A03-0BDEBD0232E7}.Release|x86.ActiveCfg = Release|Any CPU
		{55B7F4DC-E843-417A-9A03-0BDEBD0232E7}.Release|x86.Build.0 = Release|Any CPU
		{DED89585-CF51-4AD6-AB8A-32223F4D3211}.Debug|Any CPU.ActiveCfg = Debug|Any CPU
		{DED89585-CF51-4AD6-AB8A-32223F4D3211}.Debug|Any CPU.Build.0 = Debug|Any CPU
		{DED89585-CF51-4AD6-AB8A-32223F4D3211}.Debug|x64.ActiveCfg = Debug|Any CPU
		{DED89585-CF51-4AD6-AB8A-32223F4D3211}.Debug|x64.Build.0 = Debug|Any CPU
		{DED89585-CF51-4AD6-AB8A-32223F4D3211}.Debug|x86.ActiveCfg = Debug|Any CPU
		{DED89585-CF51-4AD6-AB8A-32223F4D3211}.Debug|x86.Build.0 = Debug|Any CPU
		{DED89585-CF51-4AD6-AB8A-32223F4D3211}.Release|Any CPU.ActiveCfg = Release|Any CPU
		{DED89585-CF51-4AD6-AB8A-32223F4D3211}.Release|Any CPU.Build.0 = Release|Any CPU
		{DED89585-CF51-4AD6-AB8A-32223F4D3211}.Release|x64.ActiveCfg = Release|Any CPU
		{DED89585-CF51-4AD6-AB8A-32223F4D3211}.Release|x64.Build.0 = Release|Any CPU
		{DED89585-CF51-4AD6-AB8A-32223F4D3211}.Release|x86.ActiveCfg = Release|Any CPU
		{DED89585-CF51-4AD6-AB8A-32223F4D3211}.Release|x86.Build.0 = Release|Any CPU
		{81F62BC8-E4F6-419F-9A46-7FFDC5AB81CB}.Debug|Any CPU.ActiveCfg = Debug|Any CPU
		{81F62BC8-E4F6-419F-9A46-7FFDC5AB81CB}.Debug|Any CPU.Build.0 = Debug|Any CPU
		{81F62BC8-E4F6-419F-9A46-7FFDC5AB81CB}.Debug|x64.ActiveCfg = Debug|Any CPU
		{81F62BC8-E4F6-419F-9A46-7FFDC5AB81CB}.Debug|x64.Build.0 = Debug|Any CPU
		{81F62BC8-E4F6-419F-9A46-7FFDC5AB81CB}.Debug|x86.ActiveCfg = Debug|Any CPU
		{81F62BC8-E4F6-419F-9A46-7FFDC5AB81CB}.Debug|x86.Build.0 = Debug|Any CPU
		{81F62BC8-E4F6-419F-9A46-7FFDC5AB81CB}.Release|Any CPU.ActiveCfg = Release|Any CPU
		{81F62BC8-E4F6-419F-9A46-7FFDC5AB81CB}.Release|Any CPU.Build.0 = Release|Any CPU
		{81F62BC8-E4F6-419F-9A46-7FFDC5AB81CB}.Release|x64.ActiveCfg = Release|Any CPU
		{81F62BC8-E4F6-419F-9A46-7FFDC5AB81CB}.Release|x64.Build.0 = Release|Any CPU
		{81F62BC8-E4F6-419F-9A46-7FFDC5AB81CB}.Release|x86.ActiveCfg = Release|Any CPU
		{81F62BC8-E4F6-419F-9A46-7FFDC5AB81CB}.Release|x86.Build.0 = Release|Any CPU
		{004ECA66-4D62-476C-A95F-EBD9D5083082}.Debug|Any CPU.ActiveCfg = Debug|Any CPU
		{004ECA66-4D62-476C-A95F-EBD9D5083082}.Debug|Any CPU.Build.0 = Debug|Any CPU
		{004ECA66-4D62-476C-A95F-EBD9D5083082}.Debug|x64.ActiveCfg = Debug|Any CPU
		{004ECA66-4D62-476C-A95F-EBD9D5083082}.Debug|x64.Build.0 = Debug|Any CPU
		{004ECA66-4D62-476C-A95F-EBD9D5083082}.Debug|x86.ActiveCfg = Debug|Any CPU
		{004ECA66-4D62-476C-A95F-EBD9D5083082}.Debug|x86.Build.0 = Debug|Any CPU
		{004ECA66-4D62-476C-A95F-EBD9D5083082}.Release|Any CPU.ActiveCfg = Release|Any CPU
		{004ECA66-4D62-476C-A95F-EBD9D5083082}.Release|Any CPU.Build.0 = Release|Any CPU
		{004ECA66-4D62-476C-A95F-EBD9D5083082}.Release|x64.ActiveCfg = Release|Any CPU
		{004ECA66-4D62-476C-A95F-EBD9D5083082}.Release|x64.Build.0 = Release|Any CPU
		{004ECA66-4D62-476C-A95F-EBD9D5083082}.Release|x86.ActiveCfg = Release|Any CPU
		{004ECA66-4D62-476C-A95F-EBD9D5083082}.Release|x86.Build.0 = Release|Any CPU
		{08699388-C108-4758-A2C5-D3F35AEC0C12}.Debug|Any CPU.ActiveCfg = Debug|Any CPU
		{08699388-C108-4758-A2C5-D3F35AEC0C12}.Debug|Any CPU.Build.0 = Debug|Any CPU
		{08699388-C108-4758-A2C5-D3F35AEC0C12}.Debug|x64.ActiveCfg = Debug|Any CPU
		{08699388-C108-4758-A2C5-D3F35AEC0C12}.Debug|x64.Build.0 = Debug|Any CPU
		{08699388-C108-4758-A2C5-D3F35AEC0C12}.Debug|x86.ActiveCfg = Debug|Any CPU
		{08699388-C108-4758-A2C5-D3F35AEC0C12}.Debug|x86.Build.0 = Debug|Any CPU
		{08699388-C108-4758-A2C5-D3F35AEC0C12}.Release|Any CPU.ActiveCfg = Release|Any CPU
		{08699388-C108-4758-A2C5-D3F35AEC0C12}.Release|Any CPU.Build.0 = Release|Any CPU
		{08699388-C108-4758-A2C5-D3F35AEC0C12}.Release|x64.ActiveCfg = Release|Any CPU
		{08699388-C108-4758-A2C5-D3F35AEC0C12}.Release|x64.Build.0 = Release|Any CPU
		{08699388-C108-4758-A2C5-D3F35AEC0C12}.Release|x86.ActiveCfg = Release|Any CPU
		{08699388-C108-4758-A2C5-D3F35AEC0C12}.Release|x86.Build.0 = Release|Any CPU
		{6E4F6481-DA3A-45D9-8512-9AC4268D1968}.Debug|Any CPU.ActiveCfg = Debug|Any CPU
		{6E4F6481-DA3A-45D9-8512-9AC4268D1968}.Debug|Any CPU.Build.0 = Debug|Any CPU
		{6E4F6481-DA3A-45D9-8512-9AC4268D1968}.Debug|x64.ActiveCfg = Debug|Any CPU
		{6E4F6481-DA3A-45D9-8512-9AC4268D1968}.Debug|x64.Build.0 = Debug|Any CPU
		{6E4F6481-DA3A-45D9-8512-9AC4268D1968}.Debug|x86.ActiveCfg = Debug|Any CPU
		{6E4F6481-DA3A-45D9-8512-9AC4268D1968}.Debug|x86.Build.0 = Debug|Any CPU
		{6E4F6481-DA3A-45D9-8512-9AC4268D1968}.Release|Any CPU.ActiveCfg = Release|Any CPU
		{6E4F6481-DA3A-45D9-8512-9AC4268D1968}.Release|Any CPU.Build.0 = Release|Any CPU
		{6E4F6481-DA3A-45D9-8512-9AC4268D1968}.Release|x64.ActiveCfg = Release|Any CPU
		{6E4F6481-DA3A-45D9-8512-9AC4268D1968}.Release|x64.Build.0 = Release|Any CPU
		{6E4F6481-DA3A-45D9-8512-9AC4268D1968}.Release|x86.ActiveCfg = Release|Any CPU
		{6E4F6481-DA3A-45D9-8512-9AC4268D1968}.Release|x86.Build.0 = Release|Any CPU
		{26E909FB-6943-449F-BC1C-DFCB33DC6183}.Debug|Any CPU.ActiveCfg = Debug|Any CPU
		{26E909FB-6943-449F-BC1C-DFCB33DC6183}.Debug|Any CPU.Build.0 = Debug|Any CPU
		{26E909FB-6943-449F-BC1C-DFCB33DC6183}.Debug|x64.ActiveCfg = Debug|Any CPU
		{26E909FB-6943-449F-BC1C-DFCB33DC6183}.Debug|x64.Build.0 = Debug|Any CPU
		{26E909FB-6943-449F-BC1C-DFCB33DC6183}.Debug|x86.ActiveCfg = Debug|Any CPU
		{26E909FB-6943-449F-BC1C-DFCB33DC6183}.Debug|x86.Build.0 = Debug|Any CPU
		{26E909FB-6943-449F-BC1C-DFCB33DC6183}.Release|Any CPU.ActiveCfg = Release|Any CPU
		{26E909FB-6943-449F-BC1C-DFCB33DC6183}.Release|Any CPU.Build.0 = Release|Any CPU
		{26E909FB-6943-449F-BC1C-DFCB33DC6183}.Release|x64.ActiveCfg = Release|Any CPU
		{26E909FB-6943-449F-BC1C-DFCB33DC6183}.Release|x64.Build.0 = Release|Any CPU
		{26E909FB-6943-449F-BC1C-DFCB33DC6183}.Release|x86.ActiveCfg = Release|Any CPU
		{26E909FB-6943-449F-BC1C-DFCB33DC6183}.Release|x86.Build.0 = Release|Any CPU
		{5317B409-496F-48A3-AED4-3C3B5DDAE6A3}.Debug|Any CPU.ActiveCfg = Debug|Any CPU
		{5317B409-496F-48A3-AED4-3C3B5DDAE6A3}.Debug|Any CPU.Build.0 = Debug|Any CPU
		{5317B409-496F-48A3-AED4-3C3B5DDAE6A3}.Debug|x64.ActiveCfg = Debug|Any CPU
		{5317B409-496F-48A3-AED4-3C3B5DDAE6A3}.Debug|x64.Build.0 = Debug|Any CPU
		{5317B409-496F-48A3-AED4-3C3B5DDAE6A3}.Debug|x86.ActiveCfg = Debug|Any CPU
		{5317B409-496F-48A3-AED4-3C3B5DDAE6A3}.Debug|x86.Build.0 = Debug|Any CPU
		{5317B409-496F-48A3-AED4-3C3B5DDAE6A3}.Release|Any CPU.ActiveCfg = Release|Any CPU
		{5317B409-496F-48A3-AED4-3C3B5DDAE6A3}.Release|Any CPU.Build.0 = Release|Any CPU
		{5317B409-496F-48A3-AED4-3C3B5DDAE6A3}.Release|x64.ActiveCfg = Release|Any CPU
		{5317B409-496F-48A3-AED4-3C3B5DDAE6A3}.Release|x64.Build.0 = Release|Any CPU
		{5317B409-496F-48A3-AED4-3C3B5DDAE6A3}.Release|x86.ActiveCfg = Release|Any CPU
		{5317B409-496F-48A3-AED4-3C3B5DDAE6A3}.Release|x86.Build.0 = Release|Any CPU
		{44D5F3D7-1D37-4EEF-84F7-2E7166AF550B}.Debug|Any CPU.ActiveCfg = Debug|Any CPU
		{44D5F3D7-1D37-4EEF-84F7-2E7166AF550B}.Debug|Any CPU.Build.0 = Debug|Any CPU
		{44D5F3D7-1D37-4EEF-84F7-2E7166AF550B}.Debug|x64.ActiveCfg = Debug|Any CPU
		{44D5F3D7-1D37-4EEF-84F7-2E7166AF550B}.Debug|x64.Build.0 = Debug|Any CPU
		{44D5F3D7-1D37-4EEF-84F7-2E7166AF550B}.Debug|x86.ActiveCfg = Debug|Any CPU
		{44D5F3D7-1D37-4EEF-84F7-2E7166AF550B}.Debug|x86.Build.0 = Debug|Any CPU
		{44D5F3D7-1D37-4EEF-84F7-2E7166AF550B}.Release|Any CPU.ActiveCfg = Release|Any CPU
		{44D5F3D7-1D37-4EEF-84F7-2E7166AF550B}.Release|Any CPU.Build.0 = Release|Any CPU
		{44D5F3D7-1D37-4EEF-84F7-2E7166AF550B}.Release|x64.ActiveCfg = Release|Any CPU
		{44D5F3D7-1D37-4EEF-84F7-2E7166AF550B}.Release|x64.Build.0 = Release|Any CPU
		{44D5F3D7-1D37-4EEF-84F7-2E7166AF550B}.Release|x86.ActiveCfg = Release|Any CPU
		{44D5F3D7-1D37-4EEF-84F7-2E7166AF550B}.Release|x86.Build.0 = Release|Any CPU
		{B2D2B45C-A86D-44E2-AC91-06A8F929E8BF}.Debug|Any CPU.ActiveCfg = Debug|Any CPU
		{B2D2B45C-A86D-44E2-AC91-06A8F929E8BF}.Debug|Any CPU.Build.0 = Debug|Any CPU
		{B2D2B45C-A86D-44E2-AC91-06A8F929E8BF}.Debug|x64.ActiveCfg = Debug|Any CPU
		{B2D2B45C-A86D-44E2-AC91-06A8F929E8BF}.Debug|x64.Build.0 = Debug|Any CPU
		{B2D2B45C-A86D-44E2-AC91-06A8F929E8BF}.Debug|x86.ActiveCfg = Debug|Any CPU
		{B2D2B45C-A86D-44E2-AC91-06A8F929E8BF}.Debug|x86.Build.0 = Debug|Any CPU
		{B2D2B45C-A86D-44E2-AC91-06A8F929E8BF}.Release|Any CPU.ActiveCfg = Release|Any CPU
		{B2D2B45C-A86D-44E2-AC91-06A8F929E8BF}.Release|Any CPU.Build.0 = Release|Any CPU
		{B2D2B45C-A86D-44E2-AC91-06A8F929E8BF}.Release|x64.ActiveCfg = Release|Any CPU
		{B2D2B45C-A86D-44E2-AC91-06A8F929E8BF}.Release|x64.Build.0 = Release|Any CPU
		{B2D2B45C-A86D-44E2-AC91-06A8F929E8BF}.Release|x86.ActiveCfg = Release|Any CPU
		{B2D2B45C-A86D-44E2-AC91-06A8F929E8BF}.Release|x86.Build.0 = Release|Any CPU
		{5B8C2F29-E8EF-4974-B30E-C412E422ECCA}.Debug|Any CPU.ActiveCfg = Debug|Any CPU
		{5B8C2F29-E8EF-4974-B30E-C412E422ECCA}.Debug|Any CPU.Build.0 = Debug|Any CPU
		{5B8C2F29-E8EF-4974-B30E-C412E422ECCA}.Debug|x64.ActiveCfg = Debug|Any CPU
		{5B8C2F29-E8EF-4974-B30E-C412E422ECCA}.Debug|x64.Build.0 = Debug|Any CPU
		{5B8C2F29-E8EF-4974-B30E-C412E422ECCA}.Debug|x86.ActiveCfg = Debug|Any CPU
		{5B8C2F29-E8EF-4974-B30E-C412E422ECCA}.Debug|x86.Build.0 = Debug|Any CPU
		{5B8C2F29-E8EF-4974-B30E-C412E422ECCA}.Release|Any CPU.ActiveCfg = Release|Any CPU
		{5B8C2F29-E8EF-4974-B30E-C412E422ECCA}.Release|Any CPU.Build.0 = Release|Any CPU
		{5B8C2F29-E8EF-4974-B30E-C412E422ECCA}.Release|x64.ActiveCfg = Release|Any CPU
		{5B8C2F29-E8EF-4974-B30E-C412E422ECCA}.Release|x64.Build.0 = Release|Any CPU
		{5B8C2F29-E8EF-4974-B30E-C412E422ECCA}.Release|x86.ActiveCfg = Release|Any CPU
		{5B8C2F29-E8EF-4974-B30E-C412E422ECCA}.Release|x86.Build.0 = Release|Any CPU
	EndGlobalSection
	GlobalSection(SolutionProperties) = preSolution
		HideSolutionNode = FALSE
	EndGlobalSection
EndGlobal
