
Microsoft Visual Studio Solution File, Format Version 12.00
# Visual Studio Version 17
VisualStudioVersion = 17.0.31903.59
MinimumVisualStudioVersion = 10.0.40219.1
Project("{FAE04EC0-301F-11D3-BF4B-00C04F79EFBC}") = "LangfensEnglish.Tests.Common", "LangfensEnglish.Tests.Common\LangfensEnglish.Tests.Common.csproj", "{BF8FC36B-6425-4EEE-8344-2462EBA3C528}"
EndProject
Project("{FAE04EC0-301F-11D3-BF4B-00C04F79EFBC}") = "api-gateway", "..\gateway\api-gateway\api-gateway.csproj", "{693D8C42-8147-4B76-9ED2-9641497016EB}"
EndProject
Project("{FAE04EC0-301F-11D3-BF4B-00C04F79EFBC}") = "Shared.Security", "..\services\_shared\Shared.Security\Shared.Security.csproj", "{BA011697-D548-4D6B-8C59-C08CFCBA80A5}"
EndProject
Project("{FAE04EC0-301F-11D3-BF4B-00C04F79EFBC}") = "attempt-service", "..\services\attempt-service\attempt-service.csproj", "{2D18DF98-D436-40A5-B686-37F58701EF8C}"
EndProject
Project("{FAE04EC0-301F-11D3-BF4B-00C04F79EFBC}") = "Shared.PublicContracts", "..\services\_shared\Shared.PublicContracts\Shared.PublicContracts.csproj", "{9A9FC5D3-4A93-44A4-924C-7421547D6CFB}"
EndProject
Project("{FAE04EC0-301F-11D3-BF4B-00C04F79EFBC}") = "Shared.Grpc", "..\services\_shared\Shared.Grpc\Shared.Grpc.csproj", "{00599909-7828-4B5F-8662-DD3E68F2DA90}"
EndProject
Project("{FAE04EC0-301F-11D3-BF4B-00C04F79EFBC}") = "auth-service", "..\services\auth-service\auth-service.csproj", "{3BDA215E-DACA-43C5-BA93-F884145728D0}"
EndProject
Project("{FAE04EC0-301F-11D3-BF4B-00C04F79EFBC}") = "course-service", "..\services\course-service\course-service.csproj", "{38F1E79D-CA57-44C7-8314-3AA572B24E8E}"
EndProject
Project("{FAE04EC0-301F-11D3-BF4B-00C04F79EFBC}") = "exam-service", "..\services\exam-service\exam-service.csproj", "{1982475C-19FA-4674-BE67-0AFE2E4F93F1}"
EndProject
Project("{FAE04EC0-301F-11D3-BF4B-00C04F79EFBC}") = "speaking-service", "..\services\speaking-service\speaking-service.csproj", "{4169CC59-DFC6-402F-949B-FE1B57F6AD3D}"
EndProject
Project("{FAE04EC0-301F-11D3-BF4B-00C04F79EFBC}") = "vocabulary-service", "..\services\vocabulary-service\vocabulary-service.csproj", "{D33D9396-7610-4F5A-821D-CE4872274A29}"
EndProject
Project("{FAE04EC0-301F-11D3-BF4B-00C04F79EFBC}") = "writing-service", "..\services\writing-service\writing-service.csproj", "{F2AA7BE0-61D7-4C89-9A6C-84B25BAD1850}"
EndProject
Project("{FAE04EC0-301F-11D3-BF4B-00C04F79EFBC}") = "AuthService.IntegrationTests", "AuthService.IntegrationTests\AuthService.IntegrationTests.csproj", "{46D0EA5E-922D-4F74-A931-1C88498B8578}"
EndProject
Project("{FAE04EC0-301F-11D3-BF4B-00C04F79EFBC}") = "CourseService.UnitTests", "CourseService.UnitTests\CourseService.UnitTests.csproj", "{E58DBDCE-EA50-409D-8F26-410AC5036BC8}"
EndProject
Project("{FAE04EC0-301F-11D3-BF4B-00C04F79EFBC}") = "CourseService.IntegrationTests", "CourseService.IntegrationTests\CourseService.IntegrationTests.csproj", "{599B85E1-8D56-4E41-8D83-8BBAA74D2A0C}"
EndProject
Project("{FAE04EC0-301F-11D3-BF4B-00C04F79EFBC}") = "VocabularyService.UnitTests", "VocabularyService.UnitTests\VocabularyService.UnitTests.csproj", "{28C8677A-F5BF-4630-8038-B14FC22B607B}"
EndProject
Project("{FAE04EC0-301F-11D3-BF4B-00C04F79EFBC}") = "VocabularyService.IntegrationTests", "VocabularyService.IntegrationTests\VocabularyService.IntegrationTests.csproj", "{BDB3562D-55DE-4F68-BA18-E22F7C841B14}"
EndProject
Project("{FAE04EC0-301F-11D3-BF4B-00C04F79EFBC}") = "ExamService.UnitTests", "ExamService.UnitTests\ExamService.UnitTests.csproj", "{1A5021E1-3032-41F2-AE57-480BF65D2858}"
EndProject
Project("{FAE04EC0-301F-11D3-BF4B-00C04F79EFBC}") = "ExamService.IntegrationTests", "ExamService.IntegrationTests\ExamService.IntegrationTests.csproj", "{71D4F507-24C6-46CA-8F2E-7295F8B98F49}"
EndProject
Project("{FAE04EC0-301F-11D3-BF4B-00C04F79EFBC}") = "AttemptService.UnitTests", "AttemptService.UnitTests\AttemptService.UnitTests.csproj", "{4F9EE5A2-D17A-4ECE-BB80-95E10A7BB18F}"
EndProject
Project("{FAE04EC0-301F-11D3-BF4B-00C04F79EFBC}") = "AttemptService.IntegrationTests", "AttemptService.IntegrationTests\AttemptService.IntegrationTests.csproj", "{46B9E82F-B734-4B23-B9E1-B99522D88F05}"
EndProject
Project("{FAE04EC0-301F-11D3-BF4B-00C04F79EFBC}") = "Gateway.IntegrationTests", "Gateway.IntegrationTests\Gateway.IntegrationTests.csproj", "{93C90B67-AD83-4E17-A8EA-B150456B826E}"
EndProject
Project("{FAE04EC0-301F-11D3-BF4B-00C04F79EFBC}") = "SystemTests", "SystemTests\SystemTests.csproj", "{D2E28536-5826-4798-9CFB-C8E5F7C21E50}"
EndProject
Project("{FAE04EC0-301F-11D3-BF4B-00C04F79EFBC}") = "EmailService.UnitTests", "EmailService.UnitTests\EmailService.UnitTests.csproj", "{4849D787-1315-4772-8C3F-EC98E498A5C6}"
EndProject
Project("{FAE04EC0-301F-11D3-BF4B-00C04F79EFBC}") = "email-service", "..\services\email-service\email-service.csproj", "{20D95D39-D51F-45B3-B927-ADD6388758AB}"
EndProject
Project("{FAE04EC0-301F-11D3-BF4B-00C04F79EFBC}") = "AuthService.UnitTests", "AuthService.UnitTests\AuthService.UnitTests.csproj", "{285B9F8C-0B08-481F-AFB0-3D093643EBD0}"
EndProject
Global
	GlobalSection(SolutionConfigurationPlatforms) = preSolution
		Debug|Any CPU = Debug|Any CPU
		Debug|x64 = Debug|x64
		Debug|x86 = Debug|x86
		Release|Any CPU = Release|Any CPU
		Release|x64 = Release|x64
		Release|x86 = Release|x86
	EndGlobalSection
	GlobalSection(ProjectConfigurationPlatforms) = postSolution
		{BF8FC36B-6425-4EEE-8344-2462EBA3C528}.Debug|Any CPU.ActiveCfg = Debug|Any CPU
		{BF8FC36B-6425-4EEE-8344-2462EBA3C528}.Debug|Any CPU.Build.0 = Debug|Any CPU
		{BF8FC36B-6425-4EEE-8344-2462EBA3C528}.Debug|x64.ActiveCfg = Debug|Any CPU
		{BF8FC36B-6425-4EEE-8344-2462EBA3C528}.Debug|x64.Build.0 = Debug|Any CPU
		{BF8FC36B-6425-4EEE-8344-2462EBA3C528}.Debug|x86.ActiveCfg = Debug|Any CPU
		{BF8FC36B-6425-4EEE-8344-2462EBA3C528}.Debug|x86.Build.0 = Debug|Any CPU
		{BF8FC36B-6425-4EEE-8344-2462EBA3C528}.Release|Any CPU.ActiveCfg = Release|Any CPU
		{BF8FC36B-6425-4EEE-8344-2462EBA3C528}.Release|Any CPU.Build.0 = Release|Any CPU
		{BF8FC36B-6425-4EEE-8344-2462EBA3C528}.Release|x64.ActiveCfg = Release|Any CPU
		{BF8FC36B-6425-4EEE-8344-2462EBA3C528}.Release|x64.Build.0 = Release|Any CPU
		{BF8FC36B-6425-4EEE-8344-2462EBA3C528}.Release|x86.ActiveCfg = Release|Any CPU
		{BF8FC36B-6425-4EEE-8344-2462EBA3C528}.Release|x86.Build.0 = Release|Any CPU
		{693D8C42-8147-4B76-9ED2-9641497016EB}.Debug|Any CPU.ActiveCfg = Debug|Any CPU
		{693D8C42-8147-4B76-9ED2-9641497016EB}.Debug|Any CPU.Build.0 = Debug|Any CPU
		{693D8C42-8147-4B76-9ED2-9641497016EB}.Debug|x64.ActiveCfg = Debug|Any CPU
		{693D8C42-8147-4B76-9ED2-9641497016EB}.Debug|x64.Build.0 = Debug|Any CPU
		{693D8C42-8147-4B76-9ED2-9641497016EB}.Debug|x86.ActiveCfg = Debug|Any CPU
		{693D8C42-8147-4B76-9ED2-9641497016EB}.Debug|x86.Build.0 = Debug|Any CPU
		{693D8C42-8147-4B76-9ED2-9641497016EB}.Release|Any CPU.ActiveCfg = Release|Any CPU
		{693D8C42-8147-4B76-9ED2-9641497016EB}.Release|Any CPU.Build.0 = Release|Any CPU
		{693D8C42-8147-4B76-9ED2-9641497016EB}.Release|x64.ActiveCfg = Release|Any CPU
		{693D8C42-8147-4B76-9ED2-9641497016EB}.Release|x64.Build.0 = Release|Any CPU
		{693D8C42-8147-4B76-9ED2-9641497016EB}.Release|x86.ActiveCfg = Release|Any CPU
		{693D8C42-8147-4B76-9ED2-9641497016EB}.Release|x86.Build.0 = Release|Any CPU
		{BA011697-D548-4D6B-8C59-C08CFCBA80A5}.Debug|Any CPU.ActiveCfg = Debug|Any CPU
		{BA011697-D548-4D6B-8C59-C08CFCBA80A5}.Debug|Any CPU.Build.0 = Debug|Any CPU
		{BA011697-D548-4D6B-8C59-C08CFCBA80A5}.Debug|x64.ActiveCfg = Debug|Any CPU
		{BA011697-D548-4D6B-8C59-C08CFCBA80A5}.Debug|x64.Build.0 = Debug|Any CPU
		{BA011697-D548-4D6B-8C59-C08CFCBA80A5}.Debug|x86.ActiveCfg = Debug|Any CPU
		{BA011697-D548-4D6B-8C59-C08CFCBA80A5}.Debug|x86.Build.0 = Debug|Any CPU
		{BA011697-D548-4D6B-8C59-C08CFCBA80A5}.Release|Any CPU.ActiveCfg = Release|Any CPU
		{BA011697-D548-4D6B-8C59-C08CFCBA80A5}.Release|Any CPU.Build.0 = Release|Any CPU
		{BA011697-D548-4D6B-8C59-C08CFCBA80A5}.Release|x64.ActiveCfg = Release|Any CPU
		{BA011697-D548-4D6B-8C59-C08CFCBA80A5}.Release|x64.Build.0 = Release|Any CPU
		{BA011697-D548-4D6B-8C59-C08CFCBA80A5}.Release|x86.ActiveCfg = Release|Any CPU
		{BA011697-D548-4D6B-8C59-C08CFCBA80A5}.Release|x86.Build.0 = Release|Any CPU
		{2D18DF98-D436-40A5-B686-37F58701EF8C}.Debug|Any CPU.ActiveCfg = Debug|Any CPU
		{2D18DF98-D436-40A5-B686-37F58701EF8C}.Debug|Any CPU.Build.0 = Debug|Any CPU
		{2D18DF98-D436-40A5-B686-37F58701EF8C}.Debug|x64.ActiveCfg = Debug|Any CPU
		{2D18DF98-D436-40A5-B686-37F58701EF8C}.Debug|x64.Build.0 = Debug|Any CPU
		{2D18DF98-D436-40A5-B686-37F58701EF8C}.Debug|x86.ActiveCfg = Debug|Any CPU
		{2D18DF98-D436-40A5-B686-37F58701EF8C}.Debug|x86.Build.0 = Debug|Any CPU
		{2D18DF98-D436-40A5-B686-37F58701EF8C}.Release|Any CPU.ActiveCfg = Release|Any CPU
		{2D18DF98-D436-40A5-B686-37F58701EF8C}.Release|Any CPU.Build.0 = Release|Any CPU
		{2D18DF98-D436-40A5-B686-37F58701EF8C}.Release|x64.ActiveCfg = Release|Any CPU
		{2D18DF98-D436-40A5-B686-37F58701EF8C}.Release|x64.Build.0 = Release|Any CPU
		{2D18DF98-D436-40A5-B686-37F58701EF8C}.Release|x86.ActiveCfg = Release|Any CPU
		{2D18DF98-D436-40A5-B686-37F58701EF8C}.Release|x86.Build.0 = Release|Any CPU
		{9A9FC5D3-4A93-44A4-924C-7421547D6CFB}.Debug|Any CPU.ActiveCfg = Debug|Any CPU
		{9A9FC5D3-4A93-44A4-924C-7421547D6CFB}.Debug|Any CPU.Build.0 = Debug|Any CPU
		{9A9FC5D3-4A93-44A4-924C-7421547D6CFB}.Debug|x64.ActiveCfg = Debug|Any CPU
		{9A9FC5D3-4A93-44A4-924C-7421547D6CFB}.Debug|x64.Build.0 = Debug|Any CPU
		{9A9FC5D3-4A93-44A4-924C-7421547D6CFB}.Debug|x86.ActiveCfg = Debug|Any CPU
		{9A9FC5D3-4A93-44A4-924C-7421547D6CFB}.Debug|x86.Build.0 = Debug|Any CPU
		{9A9FC5D3-4A93-44A4-924C-7421547D6CFB}.Release|Any CPU.ActiveCfg = Release|Any CPU
		{9A9FC5D3-4A93-44A4-924C-7421547D6CFB}.Release|Any CPU.Build.0 = Release|Any CPU
		{9A9FC5D3-4A93-44A4-924C-7421547D6CFB}.Release|x64.ActiveCfg = Release|Any CPU
		{9A9FC5D3-4A93-44A4-924C-7421547D6CFB}.Release|x64.Build.0 = Release|Any CPU
		{9A9FC5D3-4A93-44A4-924C-7421547D6CFB}.Release|x86.ActiveCfg = Release|Any CPU
		{9A9FC5D3-4A93-44A4-924C-7421547D6CFB}.Release|x86.Build.0 = Release|Any CPU
		{00599909-7828-4B5F-8662-DD3E68F2DA90}.Debug|Any CPU.ActiveCfg = Debug|Any CPU
		{00599909-7828-4B5F-8662-DD3E68F2DA90}.Debug|Any CPU.Build.0 = Debug|Any CPU
		{00599909-7828-4B5F-8662-DD3E68F2DA90}.Debug|x64.ActiveCfg = Debug|Any CPU
		{00599909-7828-4B5F-8662-DD3E68F2DA90}.Debug|x64.Build.0 = Debug|Any CPU
		{00599909-7828-4B5F-8662-DD3E68F2DA90}.Debug|x86.ActiveCfg = Debug|Any CPU
		{00599909-7828-4B5F-8662-DD3E68F2DA90}.Debug|x86.Build.0 = Debug|Any CPU
		{00599909-7828-4B5F-8662-DD3E68F2DA90}.Release|Any CPU.ActiveCfg = Release|Any CPU
		{00599909-7828-4B5F-8662-DD3E68F2DA90}.Release|Any CPU.Build.0 = Release|Any CPU
		{00599909-7828-4B5F-8662-DD3E68F2DA90}.Release|x64.ActiveCfg = Release|Any CPU
		{00599909-7828-4B5F-8662-DD3E68F2DA90}.Release|x64.Build.0 = Release|Any CPU
		{00599909-7828-4B5F-8662-DD3E68F2DA90}.Release|x86.ActiveCfg = Release|Any CPU
		{00599909-7828-4B5F-8662-DD3E68F2DA90}.Release|x86.Build.0 = Release|Any CPU
		{3BDA215E-DACA-43C5-BA93-F884145728D0}.Debug|Any CPU.ActiveCfg = Debug|Any CPU
		{3BDA215E-DACA-43C5-BA93-F884145728D0}.Debug|Any CPU.Build.0 = Debug|Any CPU
		{3BDA215E-DACA-43C5-BA93-F884145728D0}.Debug|x64.ActiveCfg = Debug|Any CPU
		{3BDA215E-DACA-43C5-BA93-F884145728D0}.Debug|x64.Build.0 = Debug|Any CPU
		{3BDA215E-DACA-43C5-BA93-F884145728D0}.Debug|x86.ActiveCfg = Debug|Any CPU
		{3BDA215E-DACA-43C5-BA93-F884145728D0}.Debug|x86.Build.0 = Debug|Any CPU
		{3BDA215E-DACA-43C5-BA93-F884145728D0}.Release|Any CPU.ActiveCfg = Release|Any CPU
		{3BDA215E-DACA-43C5-BA93-F884145728D0}.Release|Any CPU.Build.0 = Release|Any CPU
		{3BDA215E-DACA-43C5-BA93-F884145728D0}.Release|x64.ActiveCfg = Release|Any CPU
		{3BDA215E-DACA-43C5-BA93-F884145728D0}.Release|x64.Build.0 = Release|Any CPU
		{3BDA215E-DACA-43C5-BA93-F884145728D0}.Release|x86.ActiveCfg = Release|Any CPU
		{3BDA215E-DACA-43C5-BA93-F884145728D0}.Release|x86.Build.0 = Release|Any CPU
		{38F1E79D-CA57-44C7-8314-3AA572B24E8E}.Debug|Any CPU.ActiveCfg = Debug|Any CPU
		{38F1E79D-CA57-44C7-8314-3AA572B24E8E}.Debug|Any CPU.Build.0 = Debug|Any CPU
		{38F1E79D-CA57-44C7-8314-3AA572B24E8E}.Debug|x64.ActiveCfg = Debug|Any CPU
		{38F1E79D-CA57-44C7-8314-3AA572B24E8E}.Debug|x64.Build.0 = Debug|Any CPU
		{38F1E79D-CA57-44C7-8314-3AA572B24E8E}.Debug|x86.ActiveCfg = Debug|Any CPU
		{38F1E79D-CA57-44C7-8314-3AA572B24E8E}.Debug|x86.Build.0 = Debug|Any CPU
		{38F1E79D-CA57-44C7-8314-3AA572B24E8E}.Release|Any CPU.ActiveCfg = Release|Any CPU
		{38F1E79D-CA57-44C7-8314-3AA572B24E8E}.Release|Any CPU.Build.0 = Release|Any CPU
		{38F1E79D-CA57-44C7-8314-3AA572B24E8E}.Release|x64.ActiveCfg = Release|Any CPU
		{38F1E79D-CA57-44C7-8314-3AA572B24E8E}.Release|x64.Build.0 = Release|Any CPU
		{38F1E79D-CA57-44C7-8314-3AA572B24E8E}.Release|x86.ActiveCfg = Release|Any CPU
		{38F1E79D-CA57-44C7-8314-3AA572B24E8E}.Release|x86.Build.0 = Release|Any CPU
		{1982475C-19FA-4674-BE67-0AFE2E4F93F1}.Debug|Any CPU.ActiveCfg = Debug|Any CPU
		{1982475C-19FA-4674-BE67-0AFE2E4F93F1}.Debug|Any CPU.Build.0 = Debug|Any CPU
		{1982475C-19FA-4674-BE67-0AFE2E4F93F1}.Debug|x64.ActiveCfg = Debug|Any CPU
		{1982475C-19FA-4674-BE67-0AFE2E4F93F1}.Debug|x64.Build.0 = Debug|Any CPU
		{1982475C-19FA-4674-BE67-0AFE2E4F93F1}.Debug|x86.ActiveCfg = Debug|Any CPU
		{1982475C-19FA-4674-BE67-0AFE2E4F93F1}.Debug|x86.Build.0 = Debug|Any CPU
		{1982475C-19FA-4674-BE67-0AFE2E4F93F1}.Release|Any CPU.ActiveCfg = Release|Any CPU
		{1982475C-19FA-4674-BE67-0AFE2E4F93F1}.Release|Any CPU.Build.0 = Release|Any CPU
		{1982475C-19FA-4674-BE67-0AFE2E4F93F1}.Release|x64.ActiveCfg = Release|Any CPU
		{1982475C-19FA-4674-BE67-0AFE2E4F93F1}.Release|x64.Build.0 = Release|Any CPU
		{1982475C-19FA-4674-BE67-0AFE2E4F93F1}.Release|x86.ActiveCfg = Release|Any CPU
		{1982475C-19FA-4674-BE67-0AFE2E4F93F1}.Release|x86.Build.0 = Release|Any CPU
		{4169CC59-DFC6-402F-949B-FE1B57F6AD3D}.Debug|Any CPU.ActiveCfg = Debug|Any CPU
		{4169CC59-DFC6-402F-949B-FE1B57F6AD3D}.Debug|Any CPU.Build.0 = Debug|Any CPU
		{4169CC59-DFC6-402F-949B-FE1B57F6AD3D}.Debug|x64.ActiveCfg = Debug|Any CPU
		{4169CC59-DFC6-402F-949B-FE1B57F6AD3D}.Debug|x64.Build.0 = Debug|Any CPU
		{4169CC59-DFC6-402F-949B-FE1B57F6AD3D}.Debug|x86.ActiveCfg = Debug|Any CPU
		{4169CC59-DFC6-402F-949B-FE1B57F6AD3D}.Debug|x86.Build.0 = Debug|Any CPU
		{4169CC59-DFC6-402F-949B-FE1B57F6AD3D}.Release|Any CPU.ActiveCfg = Release|Any CPU
		{4169CC59-DFC6-402F-949B-FE1B57F6AD3D}.Release|Any CPU.Build.0 = Release|Any CPU
		{4169CC59-DFC6-402F-949B-FE1B57F6AD3D}.Release|x64.ActiveCfg = Release|Any CPU
		{4169CC59-DFC6-402F-949B-FE1B57F6AD3D}.Release|x64.Build.0 = Release|Any CPU
		{4169CC59-DFC6-402F-949B-FE1B57F6AD3D}.Release|x86.ActiveCfg = Release|Any CPU
		{4169CC59-DFC6-402F-949B-FE1B57F6AD3D}.Release|x86.Build.0 = Release|Any CPU
		{D33D9396-7610-4F5A-821D-CE4872274A29}.Debug|Any CPU.ActiveCfg = Debug|Any CPU
		{D33D9396-7610-4F5A-821D-CE4872274A29}.Debug|Any CPU.Build.0 = Debug|Any CPU
		{D33D9396-7610-4F5A-821D-CE4872274A29}.Debug|x64.ActiveCfg = Debug|Any CPU
		{D33D9396-7610-4F5A-821D-CE4872274A29}.Debug|x64.Build.0 = Debug|Any CPU
		{D33D9396-7610-4F5A-821D-CE4872274A29}.Debug|x86.ActiveCfg = Debug|Any CPU
		{D33D9396-7610-4F5A-821D-CE4872274A29}.Debug|x86.Build.0 = Debug|Any CPU
		{D33D9396-7610-4F5A-821D-CE4872274A29}.Release|Any CPU.ActiveCfg = Release|Any CPU
		{D33D9396-7610-4F5A-821D-CE4872274A29}.Release|Any CPU.Build.0 = Release|Any CPU
		{D33D9396-7610-4F5A-821D-CE4872274A29}.Release|x64.ActiveCfg = Release|Any CPU
		{D33D9396-7610-4F5A-821D-CE4872274A29}.Release|x64.Build.0 = Release|Any CPU
		{D33D9396-7610-4F5A-821D-CE4872274A29}.Release|x86.ActiveCfg = Release|Any CPU
		{D33D9396-7610-4F5A-821D-CE4872274A29}.Release|x86.Build.0 = Release|Any CPU
		{F2AA7BE0-61D7-4C89-9A6C-84B25BAD1850}.Debug|Any CPU.ActiveCfg = Debug|Any CPU
		{F2AA7BE0-61D7-4C89-9A6C-84B25BAD1850}.Debug|Any CPU.Build.0 = Debug|Any CPU
		{F2AA7BE0-61D7-4C89-9A6C-84B25BAD1850}.Debug|x64.ActiveCfg = Debug|Any CPU
		{F2AA7BE0-61D7-4C89-9A6C-84B25BAD1850}.Debug|x64.Build.0 = Debug|Any CPU
		{F2AA7BE0-61D7-4C89-9A6C-84B25BAD1850}.Debug|x86.ActiveCfg = Debug|Any CPU
		{F2AA7BE0-61D7-4C89-9A6C-84B25BAD1850}.Debug|x86.Build.0 = Debug|Any CPU
		{F2AA7BE0-61D7-4C89-9A6C-84B25BAD1850}.Release|Any CPU.ActiveCfg = Release|Any CPU
		{F2AA7BE0-61D7-4C89-9A6C-84B25BAD1850}.Release|Any CPU.Build.0 = Release|Any CPU
		{F2AA7BE0-61D7-4C89-9A6C-84B25BAD1850}.Release|x64.ActiveCfg = Release|Any CPU
		{F2AA7BE0-61D7-4C89-9A6C-84B25BAD1850}.Release|x64.Build.0 = Release|Any CPU
		{F2AA7BE0-61D7-4C89-9A6C-84B25BAD1850}.Release|x86.ActiveCfg = Release|Any CPU
		{F2AA7BE0-61D7-4C89-9A6C-84B25BAD1850}.Release|x86.Build.0 = Release|Any CPU
		{46D0EA5E-922D-4F74-A931-1C88498B8578}.Debug|Any CPU.ActiveCfg = Debug|Any CPU
		{46D0EA5E-922D-4F74-A931-1C88498B8578}.Debug|Any CPU.Build.0 = Debug|Any CPU
		{46D0EA5E-922D-4F74-A931-1C88498B8578}.Debug|x64.ActiveCfg = Debug|Any CPU
		{46D0EA5E-922D-4F74-A931-1C88498B8578}.Debug|x64.Build.0 = Debug|Any CPU
		{46D0EA5E-922D-4F74-A931-1C88498B8578}.Debug|x86.ActiveCfg = Debug|Any CPU
		{46D0EA5E-922D-4F74-A931-1C88498B8578}.Debug|x86.Build.0 = Debug|Any CPU
		{46D0EA5E-922D-4F74-A931-1C88498B8578}.Release|Any CPU.ActiveCfg = Release|Any CPU
		{46D0EA5E-922D-4F74-A931-1C88498B8578}.Release|Any CPU.Build.0 = Release|Any CPU
		{46D0EA5E-922D-4F74-A931-1C88498B8578}.Release|x64.ActiveCfg = Release|Any CPU
		{46D0EA5E-922D-4F74-A931-1C88498B8578}.Release|x64.Build.0 = Release|Any CPU
		{46D0EA5E-922D-4F74-A931-1C88498B8578}.Release|x86.ActiveCfg = Release|Any CPU
		{46D0EA5E-922D-4F74-A931-1C88498B8578}.Release|x86.Build.0 = Release|Any CPU
		{E58DBDCE-EA50-409D-8F26-410AC5036BC8}.Debug|Any CPU.ActiveCfg = Debug|Any CPU
		{E58DBDCE-EA50-409D-8F26-410AC5036BC8}.Debug|Any CPU.Build.0 = Debug|Any CPU
		{E58DBDCE-EA50-409D-8F26-410AC5036BC8}.Debug|x64.ActiveCfg = Debug|Any CPU
		{E58DBDCE-EA50-409D-8F26-410AC5036BC8}.Debug|x64.Build.0 = Debug|Any CPU
		{E58DBDCE-EA50-409D-8F26-410AC5036BC8}.Debug|x86.ActiveCfg = Debug|Any CPU
		{E58DBDCE-EA50-409D-8F26-410AC5036BC8}.Debug|x86.Build.0 = Debug|Any CPU
		{E58DBDCE-EA50-409D-8F26-410AC5036BC8}.Release|Any CPU.ActiveCfg = Release|Any CPU
		{E58DBDCE-EA50-409D-8F26-410AC5036BC8}.Release|Any CPU.Build.0 = Release|Any CPU
		{E58DBDCE-EA50-409D-8F26-410AC5036BC8}.Release|x64.ActiveCfg = Release|Any CPU
		{E58DBDCE-EA50-409D-8F26-410AC5036BC8}.Release|x64.Build.0 = Release|Any CPU
		{E58DBDCE-EA50-409D-8F26-410AC5036BC8}.Release|x86.ActiveCfg = Release|Any CPU
		{E58DBDCE-EA50-409D-8F26-410AC5036BC8}.Release|x86.Build.0 = Release|Any CPU
		{599B85E1-8D56-4E41-8D83-8BBAA74D2A0C}.Debug|Any CPU.ActiveCfg = Debug|Any CPU
		{599B85E1-8D56-4E41-8D83-8BBAA74D2A0C}.Debug|Any CPU.Build.0 = Debug|Any CPU
		{599B85E1-8D56-4E41-8D83-8BBAA74D2A0C}.Debug|x64.ActiveCfg = Debug|Any CPU
		{599B85E1-8D56-4E41-8D83-8BBAA74D2A0C}.Debug|x64.Build.0 = Debug|Any CPU
		{599B85E1-8D56-4E41-8D83-8BBAA74D2A0C}.Debug|x86.ActiveCfg = Debug|Any CPU
		{599B85E1-8D56-4E41-8D83-8BBAA74D2A0C}.Debug|x86.Build.0 = Debug|Any CPU
		{599B85E1-8D56-4E41-8D83-8BBAA74D2A0C}.Release|Any CPU.ActiveCfg = Release|Any CPU
		{599B85E1-8D56-4E41-8D83-8BBAA74D2A0C}.Release|Any CPU.Build.0 = Release|Any CPU
		{599B85E1-8D56-4E41-8D83-8BBAA74D2A0C}.Release|x64.ActiveCfg = Release|Any CPU
		{599B85E1-8D56-4E41-8D83-8BBAA74D2A0C}.Release|x64.Build.0 = Release|Any CPU
		{599B85E1-8D56-4E41-8D83-8BBAA74D2A0C}.Release|x86.ActiveCfg = Release|Any CPU
		{599B85E1-8D56-4E41-8D83-8BBAA74D2A0C}.Release|x86.Build.0 = Release|Any CPU
		{28C8677A-F5BF-4630-8038-B14FC22B607B}.Debug|Any CPU.ActiveCfg = Debug|Any CPU
		{28C8677A-F5BF-4630-8038-B14FC22B607B}.Debug|Any CPU.Build.0 = Debug|Any CPU
		{28C8677A-F5BF-4630-8038-B14FC22B607B}.Debug|x64.ActiveCfg = Debug|Any CPU
		{28C8677A-F5BF-4630-8038-B14FC22B607B}.Debug|x64.Build.0 = Debug|Any CPU
		{28C8677A-F5BF-4630-8038-B14FC22B607B}.Debug|x86.ActiveCfg = Debug|Any CPU
		{28C8677A-F5BF-4630-8038-B14FC22B607B}.Debug|x86.Build.0 = Debug|Any CPU
		{28C8677A-F5BF-4630-8038-B14FC22B607B}.Release|Any CPU.ActiveCfg = Release|Any CPU
		{28C8677A-F5BF-4630-8038-B14FC22B607B}.Release|Any CPU.Build.0 = Release|Any CPU
		{28C8677A-F5BF-4630-8038-B14FC22B607B}.Release|x64.ActiveCfg = Release|Any CPU
		{28C8677A-F5BF-4630-8038-B14FC22B607B}.Release|x64.Build.0 = Release|Any CPU
		{28C8677A-F5BF-4630-8038-B14FC22B607B}.Release|x86.ActiveCfg = Release|Any CPU
		{28C8677A-F5BF-4630-8038-B14FC22B607B}.Release|x86.Build.0 = Release|Any CPU
		{BDB3562D-55DE-4F68-BA18-E22F7C841B14}.Debug|Any CPU.ActiveCfg = Debug|Any CPU
		{BDB3562D-55DE-4F68-BA18-E22F7C841B14}.Debug|Any CPU.Build.0 = Debug|Any CPU
		{BDB3562D-55DE-4F68-BA18-E22F7C841B14}.Debug|x64.ActiveCfg = Debug|Any CPU
		{BDB3562D-55DE-4F68-BA18-E22F7C841B14}.Debug|x64.Build.0 = Debug|Any CPU
		{BDB3562D-55DE-4F68-BA18-E22F7C841B14}.Debug|x86.ActiveCfg = Debug|Any CPU
		{BDB3562D-55DE-4F68-BA18-E22F7C841B14}.Debug|x86.Build.0 = Debug|Any CPU
		{BDB3562D-55DE-4F68-BA18-E22F7C841B14}.Release|Any CPU.ActiveCfg = Release|Any CPU
		{BDB3562D-55DE-4F68-BA18-E22F7C841B14}.Release|Any CPU.Build.0 = Release|Any CPU
		{BDB3562D-55DE-4F68-BA18-E22F7C841B14}.Release|x64.ActiveCfg = Release|Any CPU
		{BDB3562D-55DE-4F68-BA18-E22F7C841B14}.Release|x64.Build.0 = Release|Any CPU
		{BDB3562D-55DE-4F68-BA18-E22F7C841B14}.Release|x86.ActiveCfg = Release|Any CPU
		{BDB3562D-55DE-4F68-BA18-E22F7C841B14}.Release|x86.Build.0 = Release|Any CPU
		{1A5021E1-3032-41F2-AE57-480BF65D2858}.Debug|Any CPU.ActiveCfg = Debug|Any CPU
		{1A5021E1-3032-41F2-AE57-480BF65D2858}.Debug|Any CPU.Build.0 = Debug|Any CPU
		{1A5021E1-3032-41F2-AE57-480BF65D2858}.Debug|x64.ActiveCfg = Debug|Any CPU
		{1A5021E1-3032-41F2-AE57-480BF65D2858}.Debug|x64.Build.0 = Debug|Any CPU
		{1A5021E1-3032-41F2-AE57-480BF65D2858}.Debug|x86.ActiveCfg = Debug|Any CPU
		{1A5021E1-3032-41F2-AE57-480BF65D2858}.Debug|x86.Build.0 = Debug|Any CPU
		{1A5021E1-3032-41F2-AE57-480BF65D2858}.Release|Any CPU.ActiveCfg = Release|Any CPU
		{1A5021E1-3032-41F2-AE57-480BF65D2858}.Release|Any CPU.Build.0 = Release|Any CPU
		{1A5021E1-3032-41F2-AE57-480BF65D2858}.Release|x64.ActiveCfg = Release|Any CPU
		{1A5021E1-3032-41F2-AE57-480BF65D2858}.Release|x64.Build.0 = Release|Any CPU
		{1A5021E1-3032-41F2-AE57-480BF65D2858}.Release|x86.ActiveCfg = Release|Any CPU
		{1A5021E1-3032-41F2-AE57-480BF65D2858}.Release|x86.Build.0 = Release|Any CPU
		{71D4F507-24C6-46CA-8F2E-7295F8B98F49}.Debug|Any CPU.ActiveCfg = Debug|Any CPU
		{71D4F507-24C6-46CA-8F2E-7295F8B98F49}.Debug|Any CPU.Build.0 = Debug|Any CPU
		{71D4F507-24C6-46CA-8F2E-7295F8B98F49}.Debug|x64.ActiveCfg = Debug|Any CPU
		{71D4F507-24C6-46CA-8F2E-7295F8B98F49}.Debug|x64.Build.0 = Debug|Any CPU
		{71D4F507-24C6-46CA-8F2E-7295F8B98F49}.Debug|x86.ActiveCfg = Debug|Any CPU
		{71D4F507-24C6-46CA-8F2E-7295F8B98F49}.Debug|x86.Build.0 = Debug|Any CPU
		{71D4F507-24C6-46CA-8F2E-7295F8B98F49}.Release|Any CPU.ActiveCfg = Release|Any CPU
		{71D4F507-24C6-46CA-8F2E-7295F8B98F49}.Release|Any CPU.Build.0 = Release|Any CPU
		{71D4F507-24C6-46CA-8F2E-7295F8B98F49}.Release|x64.ActiveCfg = Release|Any CPU
		{71D4F507-24C6-46CA-8F2E-7295F8B98F49}.Release|x64.Build.0 = Release|Any CPU
		{71D4F507-24C6-46CA-8F2E-7295F8B98F49}.Release|x86.ActiveCfg = Release|Any CPU
		{71D4F507-24C6-46CA-8F2E-7295F8B98F49}.Release|x86.Build.0 = Release|Any CPU
		{4F9EE5A2-D17A-4ECE-BB80-95E10A7BB18F}.Debug|Any CPU.ActiveCfg = Debug|Any CPU
		{4F9EE5A2-D17A-4ECE-BB80-95E10A7BB18F}.Debug|Any CPU.Build.0 = Debug|Any CPU
		{4F9EE5A2-D17A-4ECE-BB80-95E10A7BB18F}.Debug|x64.ActiveCfg = Debug|Any CPU
		{4F9EE5A2-D17A-4ECE-BB80-95E10A7BB18F}.Debug|x64.Build.0 = Debug|Any CPU
		{4F9EE5A2-D17A-4ECE-BB80-95E10A7BB18F}.Debug|x86.ActiveCfg = Debug|Any CPU
		{4F9EE5A2-D17A-4ECE-BB80-95E10A7BB18F}.Debug|x86.Build.0 = Debug|Any CPU
		{4F9EE5A2-D17A-4ECE-BB80-95E10A7BB18F}.Release|Any CPU.ActiveCfg = Release|Any CPU
		{4F9EE5A2-D17A-4ECE-BB80-95E10A7BB18F}.Release|Any CPU.Build.0 = Release|Any CPU
		{4F9EE5A2-D17A-4ECE-BB80-95E10A7BB18F}.Release|x64.ActiveCfg = Release|Any CPU
		{4F9EE5A2-D17A-4ECE-BB80-95E10A7BB18F}.Release|x64.Build.0 = Release|Any CPU
		{4F9EE5A2-D17A-4ECE-BB80-95E10A7BB18F}.Release|x86.ActiveCfg = Release|Any CPU
		{4F9EE5A2-D17A-4ECE-BB80-95E10A7BB18F}.Release|x86.Build.0 = Release|Any CPU
		{46B9E82F-B734-4B23-B9E1-B99522D88F05}.Debug|Any CPU.ActiveCfg = Debug|Any CPU
		{46B9E82F-B734-4B23-B9E1-B99522D88F05}.Debug|Any CPU.Build.0 = Debug|Any CPU
		{46B9E82F-B734-4B23-B9E1-B99522D88F05}.Debug|x64.ActiveCfg = Debug|Any CPU
		{46B9E82F-B734-4B23-B9E1-B99522D88F05}.Debug|x64.Build.0 = Debug|Any CPU
		{46B9E82F-B734-4B23-B9E1-B99522D88F05}.Debug|x86.ActiveCfg = Debug|Any CPU
		{46B9E82F-B734-4B23-B9E1-B99522D88F05}.Debug|x86.Build.0 = Debug|Any CPU
		{46B9E82F-B734-4B23-B9E1-B99522D88F05}.Release|Any CPU.ActiveCfg = Release|Any CPU
		{46B9E82F-B734-4B23-B9E1-B99522D88F05}.Release|Any CPU.Build.0 = Release|Any CPU
		{46B9E82F-B734-4B23-B9E1-B99522D88F05}.Release|x64.ActiveCfg = Release|Any CPU
		{46B9E82F-B734-4B23-B9E1-B99522D88F05}.Release|x64.Build.0 = Release|Any CPU
		{46B9E82F-B734-4B23-B9E1-B99522D88F05}.Release|x86.ActiveCfg = Release|Any CPU
		{46B9E82F-B734-4B23-B9E1-B99522D88F05}.Release|x86.Build.0 = Release|Any CPU
		{93C90B67-AD83-4E17-A8EA-B150456B826E}.Debug|Any CPU.ActiveCfg = Debug|Any CPU
		{93C90B67-AD83-4E17-A8EA-B150456B826E}.Debug|Any CPU.Build.0 = Debug|Any CPU
		{93C90B67-AD83-4E17-A8EA-B150456B826E}.Debug|x64.ActiveCfg = Debug|Any CPU
		{93C90B67-AD83-4E17-A8EA-B150456B826E}.Debug|x64.Build.0 = Debug|Any CPU
		{93C90B67-AD83-4E17-A8EA-B150456B826E}.Debug|x86.ActiveCfg = Debug|Any CPU
		{93C90B67-AD83-4E17-A8EA-B150456B826E}.Debug|x86.Build.0 = Debug|Any CPU
		{93C90B67-AD83-4E17-A8EA-B150456B826E}.Release|Any CPU.ActiveCfg = Release|Any CPU
		{93C90B67-AD83-4E17-A8EA-B150456B826E}.Release|Any CPU.Build.0 = Release|Any CPU
		{93C90B67-AD83-4E17-A8EA-B150456B826E}.Release|x64.ActiveCfg = Release|Any CPU
		{93C90B67-AD83-4E17-A8EA-B150456B826E}.Release|x64.Build.0 = Release|Any CPU
		{93C90B67-AD83-4E17-A8EA-B150456B826E}.Release|x86.ActiveCfg = Release|Any CPU
		{93C90B67-AD83-4E17-A8EA-B150456B826E}.Release|x86.Build.0 = Release|Any CPU
		{D2E28536-5826-4798-9CFB-C8E5F7C21E50}.Debug|Any CPU.ActiveCfg = Debug|Any CPU
		{D2E28536-5826-4798-9CFB-C8E5F7C21E50}.Debug|Any CPU.Build.0 = Debug|Any CPU
		{D2E28536-5826-4798-9CFB-C8E5F7C21E50}.Debug|x64.ActiveCfg = Debug|Any CPU
		{D2E28536-5826-4798-9CFB-C8E5F7C21E50}.Debug|x64.Build.0 = Debug|Any CPU
		{D2E28536-5826-4798-9CFB-C8E5F7C21E50}.Debug|x86.ActiveCfg = Debug|Any CPU
		{D2E28536-5826-4798-9CFB-C8E5F7C21E50}.Debug|x86.Build.0 = Debug|Any CPU
		{D2E28536-5826-4798-9CFB-C8E5F7C21E50}.Release|Any CPU.ActiveCfg = Release|Any CPU
		{D2E28536-5826-4798-9CFB-C8E5F7C21E50}.Release|Any CPU.Build.0 = Release|Any CPU
		{D2E28536-5826-4798-9CFB-C8E5F7C21E50}.Release|x64.ActiveCfg = Release|Any CPU
		{D2E28536-5826-4798-9CFB-C8E5F7C21E50}.Release|x64.Build.0 = Release|Any CPU
		{D2E28536-5826-4798-9CFB-C8E5F7C21E50}.Release|x86.ActiveCfg = Release|Any CPU
		{D2E28536-5826-4798-9CFB-C8E5F7C21E50}.Release|x86.Build.0 = Release|Any CPU
		{4849D787-1315-4772-8C3F-EC98E498A5C6}.Debug|Any CPU.ActiveCfg = Debug|Any CPU
		{4849D787-1315-4772-8C3F-EC98E498A5C6}.Debug|Any CPU.Build.0 = Debug|Any CPU
		{4849D787-1315-4772-8C3F-EC98E498A5C6}.Debug|x64.ActiveCfg = Debug|Any CPU
		{4849D787-1315-4772-8C3F-EC98E498A5C6}.Debug|x64.Build.0 = Debug|Any CPU
		{4849D787-1315-4772-8C3F-EC98E498A5C6}.Debug|x86.ActiveCfg = Debug|Any CPU
		{4849D787-1315-4772-8C3F-EC98E498A5C6}.Debug|x86.Build.0 = Debug|Any CPU
		{4849D787-1315-4772-8C3F-EC98E498A5C6}.Release|Any CPU.ActiveCfg = Release|Any CPU
		{4849D787-1315-4772-8C3F-EC98E498A5C6}.Release|Any CPU.Build.0 = Release|Any CPU
		{4849D787-1315-4772-8C3F-EC98E498A5C6}.Release|x64.ActiveCfg = Release|Any CPU
		{4849D787-1315-4772-8C3F-EC98E498A5C6}.Release|x64.Build.0 = Release|Any CPU
		{4849D787-1315-4772-8C3F-EC98E498A5C6}.Release|x86.ActiveCfg = Release|Any CPU
		{4849D787-1315-4772-8C3F-EC98E498A5C6}.Release|x86.Build.0 = Release|Any CPU
		{20D95D39-D51F-45B3-B927-ADD6388758AB}.Debug|Any CPU.ActiveCfg = Debug|Any CPU
		{20D95D39-D51F-45B3-B927-ADD6388758AB}.Debug|Any CPU.Build.0 = Debug|Any CPU
		{20D95D39-D51F-45B3-B927-ADD6388758AB}.Debug|x64.ActiveCfg = Debug|Any CPU
		{20D95D39-D51F-45B3-B927-ADD6388758AB}.Debug|x64.Build.0 = Debug|Any CPU
		{20D95D39-D51F-45B3-B927-ADD6388758AB}.Debug|x86.ActiveCfg = Debug|Any CPU
		{20D95D39-D51F-45B3-B927-ADD6388758AB}.Debug|x86.Build.0 = Debug|Any CPU
		{20D95D39-D51F-45B3-B927-ADD6388758AB}.Release|Any CPU.ActiveCfg = Release|Any CPU
		{20D95D39-D51F-45B3-B927-ADD6388758AB}.Release|Any CPU.Build.0 = Release|Any CPU
		{20D95D39-D51F-45B3-B927-ADD6388758AB}.Release|x64.ActiveCfg = Release|Any CPU
		{20D95D39-D51F-45B3-B927-ADD6388758AB}.Release|x64.Build.0 = Release|Any CPU
		{20D95D39-D51F-45B3-B927-ADD6388758AB}.Release|x86.ActiveCfg = Release|Any CPU
		{20D95D39-D51F-45B3-B927-ADD6388758AB}.Release|x86.Build.0 = Release|Any CPU
		{285B9F8C-0B08-481F-AFB0-3D093643EBD0}.Debug|Any CPU.ActiveCfg = Debug|Any CPU
		{285B9F8C-0B08-481F-AFB0-3D093643EBD0}.Debug|Any CPU.Build.0 = Debug|Any CPU
		{285B9F8C-0B08-481F-AFB0-3D093643EBD0}.Debug|x64.ActiveCfg = Debug|Any CPU
		{285B9F8C-0B08-481F-AFB0-3D093643EBD0}.Debug|x64.Build.0 = Debug|Any CPU
		{285B9F8C-0B08-481F-AFB0-3D093643EBD0}.Debug|x86.ActiveCfg = Debug|Any CPU
		{285B9F8C-0B08-481F-AFB0-3D093643EBD0}.Debug|x86.Build.0 = Debug|Any CPU
		{285B9F8C-0B08-481F-AFB0-3D093643EBD0}.Release|Any CPU.ActiveCfg = Release|Any CPU
		{285B9F8C-0B08-481F-AFB0-3D093643EBD0}.Release|Any CPU.Build.0 = Release|Any CPU
		{285B9F8C-0B08-481F-AFB0-3D093643EBD0}.Release|x64.ActiveCfg = Release|Any CPU
		{285B9F8C-0B08-481F-AFB0-3D093643EBD0}.Release|x64.Build.0 = Release|Any CPU
		{285B9F8C-0B08-481F-AFB0-3D093643EBD0}.Release|x86.ActiveCfg = Release|Any CPU
		{285B9F8C-0B08-481F-AFB0-3D093643EBD0}.Release|x86.Build.0 = Release|Any CPU
	EndGlobalSection
	GlobalSection(SolutionProperties) = preSolution
		HideSolutionNode = FALSE
	EndGlobalSection
EndGlobal
