
Microsoft Visual Studio Solution File, Format Version 12.00
# Visual Studio Version 17
VisualStudioVersion = 17.0.31903.59
MinimumVisualStudioVersion = 10.0.40219.1
Project("{FAE04EC0-301F-11D3-BF4B-00C04F79EFBC}") = "AttemptService.IntegrationTests", "AttemptService.IntegrationTests\AttemptService.IntegrationTests.csproj", "{C570FD15-B66F-41D5-8012-C09F21FAF712}"
EndProject
Project("{FAE04EC0-301F-11D3-BF4B-00C04F79EFBC}") = "LangfensEnglish.Tests.Common", "LangfensEnglish.Tests.Common\LangfensEnglish.Tests.Common.csproj", "{D9C38E76-0E5C-490C-91F1-CE89BF191AC7}"
EndProject
Project("{FAE04EC0-301F-11D3-BF4B-00C04F79EFBC}") = "api-gateway", "..\gateway\api-gateway\api-gateway.csproj", "{0A1C4E6B-2111-4315-ADD6-8A4C91CCCBE8}"
EndProject
Project("{FAE04EC0-301F-11D3-BF4B-00C04F79EFBC}") = "Shared.Security", "..\services\_shared\Shared.Security\Shared.Security.csproj", "{D781781C-55CF-4B4F-BFAE-8D6B3C2E917A}"
EndProject
Project("{FAE04EC0-301F-11D3-BF4B-00C04F79EFBC}") = "attempt-service", "..\services\attempt-service\attempt-service.csproj", "{A20D7C08-6874-4490-B6C0-68245D660FC8}"
EndProject
Project("{FAE04EC0-301F-11D3-BF4B-00C04F79EFBC}") = "Shared.PublicContracts", "..\services\_shared\Shared.PublicContracts\Shared.PublicContracts.csproj", "{6F74D7FA-971A-4CB8-96E3-C62A338A7F01}"
EndProject
Project("{FAE04EC0-301F-11D3-BF4B-00C04F79EFBC}") = "Shared.Grpc", "..\services\_shared\Shared.Grpc\Shared.Grpc.csproj", "{84279FF7-AA5D-46A7-AD86-A8485B02F599}"
EndProject
Project("{FAE04EC0-301F-11D3-BF4B-00C04F79EFBC}") = "auth-service", "..\services\auth-service\auth-service.csproj", "{A55A4067-65D1-4A84-B98A-FACAFA6CB637}"
EndProject
Project("{FAE04EC0-301F-11D3-BF4B-00C04F79EFBC}") = "course-service", "..\services\course-service\course-service.csproj", "{FF2467E2-655F-429C-A78C-B2533C106C61}"
EndProject
Project("{FAE04EC0-301F-11D3-BF4B-00C04F79EFBC}") = "exam-service", "..\services\exam-service\exam-service.csproj", "{F9EE6A1C-9982-4F14-9BDC-6F8605BCF638}"
EndProject
Project("{FAE04EC0-301F-11D3-BF4B-00C04F79EFBC}") = "speaking-service", "..\services\speaking-service\speaking-service.csproj", "{B9832E99-9BF5-4CE4-A704-0C4F4627B19E}"
EndProject
Project("{FAE04EC0-301F-11D3-BF4B-00C04F79EFBC}") = "vocabulary-service", "..\services\vocabulary-service\vocabulary-service.csproj", "{C7F1E52A-222E-41D7-B34F-52999C2D38AD}"
EndProject
Project("{FAE04EC0-301F-11D3-BF4B-00C04F79EFBC}") = "writing-service", "..\services\writing-service\writing-service.csproj", "{44150470-1864-49CF-A68E-C558598A0611}"
EndProject
Project("{FAE04EC0-301F-11D3-BF4B-00C04F79EFBC}") = "AttemptService.UnitTests", "AttemptService.UnitTests\AttemptService.UnitTests.csproj", "{733F44B5-4785-49D7-9642-2DF0CCDF9776}"
EndProject
Project("{FAE04EC0-301F-11D3-BF4B-00C04F79EFBC}") = "AuthService.IntegrationTests", "AuthService.IntegrationTests\AuthService.IntegrationTests.csproj", "{848311BC-1DF4-4462-8AE8-D05BB866787C}"
EndProject
Project("{FAE04EC0-301F-11D3-BF4B-00C04F79EFBC}") = "AuthService.UnitTests", "AuthService.UnitTests\AuthService.UnitTests.csproj", "{1CF2B399-ECDD-4378-94E7-87629459EB44}"
EndProject
Project("{FAE04EC0-301F-11D3-BF4B-00C04F79EFBC}") = "CourseService.IntegrationTests", "CourseService.IntegrationTests\CourseService.IntegrationTests.csproj", "{F8ED761A-1CCF-4FE0-B0F9-7F75E218429C}"
EndProject
Project("{FAE04EC0-301F-11D3-BF4B-00C04F79EFBC}") = "CourseService.UnitTests", "CourseService.UnitTests\CourseService.UnitTests.csproj", "{FB7A0CAE-5DFD-454C-8F7A-5E7F9E5A5799}"
EndProject
Project("{FAE04EC0-301F-11D3-BF4B-00C04F79EFBC}") = "EmailService.UnitTests", "EmailService.UnitTests\EmailService.UnitTests.csproj", "{94071A98-A5C8-4B96-845B-50B7A489DCF3}"
EndProject
Project("{FAE04EC0-301F-11D3-BF4B-00C04F79EFBC}") = "email-service", "..\services\email-service\email-service.csproj", "{665875B1-F728-4567-A361-32FB66AE1B9A}"
EndProject
Project("{FAE04EC0-301F-11D3-BF4B-00C04F79EFBC}") = "ExamService.IntegrationTests", "ExamService.IntegrationTests\ExamService.IntegrationTests.csproj", "{6170C785-D12F-4E02-9EE5-73C428744263}"
EndProject
Project("{FAE04EC0-301F-11D3-BF4B-00C04F79EFBC}") = "ExamService.UnitTests", "ExamService.UnitTests\ExamService.UnitTests.csproj", "{13F4BE85-E13B-46A0-A79E-1CC3F7C86E25}"
EndProject
Project("{FAE04EC0-301F-11D3-BF4B-00C04F79EFBC}") = "Gateway.IntegrationTests", "Gateway.IntegrationTests\Gateway.IntegrationTests.csproj", "{19724957-C84F-4520-8E3F-0D8E9AB93AC7}"
EndProject
Project("{FAE04EC0-301F-11D3-BF4B-00C04F79EFBC}") = "SpeakingService.UnitTests", "SpeakingService.UnitTests\SpeakingService.UnitTests.csproj", "{3BA85DEC-9581-43DD-89A6-B4E97384A385}"
EndProject
Project("{FAE04EC0-301F-11D3-BF4B-00C04F79EFBC}") = "SystemTests", "SystemTests\SystemTests.csproj", "{BD05A5A7-9657-46DD-B2B9-171F723F1B32}"
EndProject
Project("{FAE04EC0-301F-11D3-BF4B-00C04F79EFBC}") = "VocabularyService.IntegrationTests", "VocabularyService.IntegrationTests\VocabularyService.IntegrationTests.csproj", "{C22D745E-2F71-429A-BF4D-391C80FC5479}"
EndProject
Project("{FAE04EC0-301F-11D3-BF4B-00C04F79EFBC}") = "VocabularyService.UnitTests", "VocabularyService.UnitTests\VocabularyService.UnitTests.csproj", "{3F1CA519-F138-4EA7-A822-DAB1A647B36C}"
EndProject
Project("{FAE04EC0-301F-11D3-BF4B-00C04F79EFBC}") = "WritingService.UnitTests", "WritingService.UnitTests\WritingService.UnitTests.csproj", "{EEB7F4A9-D6DD-439E-A7E5-3837C7D30F78}"
EndProject
Global
	GlobalSection(SolutionConfigurationPlatforms) = preSolution
		Debug|Any CPU = Debug|Any CPU
		Debug|x64 = Debug|x64
		Debug|x86 = Debug|x86
		Release|Any CPU = Release|Any CPU
		Release|x64 = Release|x64
		Release|x86 = Release|x86
	EndGlobalSection
	GlobalSection(ProjectConfigurationPlatforms) = postSolution
		{C570FD15-B66F-41D5-8012-C09F21FAF712}.Debug|Any CPU.ActiveCfg = Debug|Any CPU
		{C570FD15-B66F-41D5-8012-C09F21FAF712}.Debug|Any CPU.Build.0 = Debug|Any CPU
		{C570FD15-B66F-41D5-8012-C09F21FAF712}.Debug|x64.ActiveCfg = Debug|Any CPU
		{C570FD15-B66F-41D5-8012-C09F21FAF712}.Debug|x64.Build.0 = Debug|Any CPU
		{C570FD15-B66F-41D5-8012-C09F21FAF712}.Debug|x86.ActiveCfg = Debug|Any CPU
		{C570FD15-B66F-41D5-8012-C09F21FAF712}.Debug|x86.Build.0 = Debug|Any CPU
		{C570FD15-B66F-41D5-8012-C09F21FAF712}.Release|Any CPU.ActiveCfg = Release|Any CPU
		{C570FD15-B66F-41D5-8012-C09F21FAF712}.Release|Any CPU.Build.0 = Release|Any CPU
		{C570FD15-B66F-41D5-8012-C09F21FAF712}.Release|x64.ActiveCfg = Release|Any CPU
		{C570FD15-B66F-41D5-8012-C09F21FAF712}.Release|x64.Build.0 = Release|Any CPU
		{C570FD15-B66F-41D5-8012-C09F21FAF712}.Release|x86.ActiveCfg = Release|Any CPU
		{C570FD15-B66F-41D5-8012-C09F21FAF712}.Release|x86.Build.0 = Release|Any CPU
		{D9C38E76-0E5C-490C-91F1-CE89BF191AC7}.Debug|Any CPU.ActiveCfg = Debug|Any CPU
		{D9C38E76-0E5C-490C-91F1-CE89BF191AC7}.Debug|Any CPU.Build.0 = Debug|Any CPU
		{D9C38E76-0E5C-490C-91F1-CE89BF191AC7}.Debug|x64.ActiveCfg = Debug|Any CPU
		{D9C38E76-0E5C-490C-91F1-CE89BF191AC7}.Debug|x64.Build.0 = Debug|Any CPU
		{D9C38E76-0E5C-490C-91F1-CE89BF191AC7}.Debug|x86.ActiveCfg = Debug|Any CPU
		{D9C38E76-0E5C-490C-91F1-CE89BF191AC7}.Debug|x86.Build.0 = Debug|Any CPU
		{D9C38E76-0E5C-490C-91F1-CE89BF191AC7}.Release|Any CPU.ActiveCfg = Release|Any CPU
		{D9C38E76-0E5C-490C-91F1-CE89BF191AC7}.Release|Any CPU.Build.0 = Release|Any CPU
		{D9C38E76-0E5C-490C-91F1-CE89BF191AC7}.Release|x64.ActiveCfg = Release|Any CPU
		{D9C38E76-0E5C-490C-91F1-CE89BF191AC7}.Release|x64.Build.0 = Release|Any CPU
		{D9C38E76-0E5C-490C-91F1-CE89BF191AC7}.Release|x86.ActiveCfg = Release|Any CPU
		{D9C38E76-0E5C-490C-91F1-CE89BF191AC7}.Release|x86.Build.0 = Release|Any CPU
		{0A1C4E6B-2111-4315-ADD6-8A4C91CCCBE8}.Debug|Any CPU.ActiveCfg = Debug|Any CPU
		{0A1C4E6B-2111-4315-ADD6-8A4C91CCCBE8}.Debug|Any CPU.Build.0 = Debug|Any CPU
		{0A1C4E6B-2111-4315-ADD6-8A4C91CCCBE8}.Debug|x64.ActiveCfg = Debug|Any CPU
		{0A1C4E6B-2111-4315-ADD6-8A4C91CCCBE8}.Debug|x64.Build.0 = Debug|Any CPU
		{0A1C4E6B-2111-4315-ADD6-8A4C91CCCBE8}.Debug|x86.ActiveCfg = Debug|Any CPU
		{0A1C4E6B-2111-4315-ADD6-8A4C91CCCBE8}.Debug|x86.Build.0 = Debug|Any CPU
		{0A1C4E6B-2111-4315-ADD6-8A4C91CCCBE8}.Release|Any CPU.ActiveCfg = Release|Any CPU
		{0A1C4E6B-2111-4315-ADD6-8A4C91CCCBE8}.Release|Any CPU.Build.0 = Release|Any CPU
		{0A1C4E6B-2111-4315-ADD6-8A4C91CCCBE8}.Release|x64.ActiveCfg = Release|Any CPU
		{0A1C4E6B-2111-4315-ADD6-8A4C91CCCBE8}.Release|x64.Build.0 = Release|Any CPU
		{0A1C4E6B-2111-4315-ADD6-8A4C91CCCBE8}.Release|x86.ActiveCfg = Release|Any CPU
		{0A1C4E6B-2111-4315-ADD6-8A4C91CCCBE8}.Release|x86.Build.0 = Release|Any CPU
		{D781781C-55CF-4B4F-BFAE-8D6B3C2E917A}.Debug|Any CPU.ActiveCfg = Debug|Any CPU
		{D781781C-55CF-4B4F-BFAE-8D6B3C2E917A}.Debug|Any CPU.Build.0 = Debug|Any CPU
		{D781781C-55CF-4B4F-BFAE-8D6B3C2E917A}.Debug|x64.ActiveCfg = Debug|Any CPU
		{D781781C-55CF-4B4F-BFAE-8D6B3C2E917A}.Debug|x64.Build.0 = Debug|Any CPU
		{D781781C-55CF-4B4F-BFAE-8D6B3C2E917A}.Debug|x86.ActiveCfg = Debug|Any CPU
		{D781781C-55CF-4B4F-BFAE-8D6B3C2E917A}.Debug|x86.Build.0 = Debug|Any CPU
		{D781781C-55CF-4B4F-BFAE-8D6B3C2E917A}.Release|Any CPU.ActiveCfg = Release|Any CPU
		{D781781C-55CF-4B4F-BFAE-8D6B3C2E917A}.Release|Any CPU.Build.0 = Release|Any CPU
		{D781781C-55CF-4B4F-BFAE-8D6B3C2E917A}.Release|x64.ActiveCfg = Release|Any CPU
		{D781781C-55CF-4B4F-BFAE-8D6B3C2E917A}.Release|x64.Build.0 = Release|Any CPU
		{D781781C-55CF-4B4F-BFAE-8D6B3C2E917A}.Release|x86.ActiveCfg = Release|Any CPU
		{D781781C-55CF-4B4F-BFAE-8D6B3C2E917A}.Release|x86.Build.0 = Release|Any CPU
		{A20D7C08-6874-4490-B6C0-68245D660FC8}.Debug|Any CPU.ActiveCfg = Debug|Any CPU
		{A20D7C08-6874-4490-B6C0-68245D660FC8}.Debug|Any CPU.Build.0 = Debug|Any CPU
		{A20D7C08-6874-4490-B6C0-68245D660FC8}.Debug|x64.ActiveCfg = Debug|Any CPU
		{A20D7C08-6874-4490-B6C0-68245D660FC8}.Debug|x64.Build.0 = Debug|Any CPU
		{A20D7C08-6874-4490-B6C0-68245D660FC8}.Debug|x86.ActiveCfg = Debug|Any CPU
		{A20D7C08-6874-4490-B6C0-68245D660FC8}.Debug|x86.Build.0 = Debug|Any CPU
		{A20D7C08-6874-4490-B6C0-68245D660FC8}.Release|Any CPU.ActiveCfg = Release|Any CPU
		{A20D7C08-6874-4490-B6C0-68245D660FC8}.Release|Any CPU.Build.0 = Release|Any CPU
		{A20D7C08-6874-4490-B6C0-68245D660FC8}.Release|x64.ActiveCfg = Release|Any CPU
		{A20D7C08-6874-4490-B6C0-68245D660FC8}.Release|x64.Build.0 = Release|Any CPU
		{A20D7C08-6874-4490-B6C0-68245D660FC8}.Release|x86.ActiveCfg = Release|Any CPU
		{A20D7C08-6874-4490-B6C0-68245D660FC8}.Release|x86.Build.0 = Release|Any CPU
		{6F74D7FA-971A-4CB8-96E3-C62A338A7F01}.Debug|Any CPU.ActiveCfg = Debug|Any CPU
		{6F74D7FA-971A-4CB8-96E3-C62A338A7F01}.Debug|Any CPU.Build.0 = Debug|Any CPU
		{6F74D7FA-971A-4CB8-96E3-C62A338A7F01}.Debug|x64.ActiveCfg = Debug|Any CPU
		{6F74D7FA-971A-4CB8-96E3-C62A338A7F01}.Debug|x64.Build.0 = Debug|Any CPU
		{6F74D7FA-971A-4CB8-96E3-C62A338A7F01}.Debug|x86.ActiveCfg = Debug|Any CPU
		{6F74D7FA-971A-4CB8-96E3-C62A338A7F01}.Debug|x86.Build.0 = Debug|Any CPU
		{6F74D7FA-971A-4CB8-96E3-C62A338A7F01}.Release|Any CPU.ActiveCfg = Release|Any CPU
		{6F74D7FA-971A-4CB8-96E3-C62A338A7F01}.Release|Any CPU.Build.0 = Release|Any CPU
		{6F74D7FA-971A-4CB8-96E3-C62A338A7F01}.Release|x64.ActiveCfg = Release|Any CPU
		{6F74D7FA-971A-4CB8-96E3-C62A338A7F01}.Release|x64.Build.0 = Release|Any CPU
		{6F74D7FA-971A-4CB8-96E3-C62A338A7F01}.Release|x86.ActiveCfg = Release|Any CPU
		{6F74D7FA-971A-4CB8-96E3-C62A338A7F01}.Release|x86.Build.0 = Release|Any CPU
		{84279FF7-AA5D-46A7-AD86-A8485B02F599}.Debug|Any CPU.ActiveCfg = Debug|Any CPU
		{84279FF7-AA5D-46A7-AD86-A8485B02F599}.Debug|Any CPU.Build.0 = Debug|Any CPU
		{84279FF7-AA5D-46A7-AD86-A8485B02F599}.Debug|x64.ActiveCfg = Debug|Any CPU
		{84279FF7-AA5D-46A7-AD86-A8485B02F599}.Debug|x64.Build.0 = Debug|Any CPU
		{84279FF7-AA5D-46A7-AD86-A8485B02F599}.Debug|x86.ActiveCfg = Debug|Any CPU
		{84279FF7-AA5D-46A7-AD86-A8485B02F599}.Debug|x86.Build.0 = Debug|Any CPU
		{84279FF7-AA5D-46A7-AD86-A8485B02F599}.Release|Any CPU.ActiveCfg = Release|Any CPU
		{84279FF7-AA5D-46A7-AD86-A8485B02F599}.Release|Any CPU.Build.0 = Release|Any CPU
		{84279FF7-AA5D-46A7-AD86-A8485B02F599}.Release|x64.ActiveCfg = Release|Any CPU
		{84279FF7-AA5D-46A7-AD86-A8485B02F599}.Release|x64.Build.0 = Release|Any CPU
		{84279FF7-AA5D-46A7-AD86-A8485B02F599}.Release|x86.ActiveCfg = Release|Any CPU
		{84279FF7-AA5D-46A7-AD86-A8485B02F599}.Release|x86.Build.0 = Release|Any CPU
		{A55A4067-65D1-4A84-B98A-FACAFA6CB637}.Debug|Any CPU.ActiveCfg = Debug|Any CPU
		{A55A4067-65D1-4A84-B98A-FACAFA6CB637}.Debug|Any CPU.Build.0 = Debug|Any CPU
		{A55A4067-65D1-4A84-B98A-FACAFA6CB637}.Debug|x64.ActiveCfg = Debug|Any CPU
		{A55A4067-65D1-4A84-B98A-FACAFA6CB637}.Debug|x64.Build.0 = Debug|Any CPU
		{A55A4067-65D1-4A84-B98A-FACAFA6CB637}.Debug|x86.ActiveCfg = Debug|Any CPU
		{A55A4067-65D1-4A84-B98A-FACAFA6CB637}.Debug|x86.Build.0 = Debug|Any CPU
		{A55A4067-65D1-4A84-B98A-FACAFA6CB637}.Release|Any CPU.ActiveCfg = Release|Any CPU
		{A55A4067-65D1-4A84-B98A-FACAFA6CB637}.Release|Any CPU.Build.0 = Release|Any CPU
		{A55A4067-65D1-4A84-B98A-FACAFA6CB637}.Release|x64.ActiveCfg = Release|Any CPU
		{A55A4067-65D1-4A84-B98A-FACAFA6CB637}.Release|x64.Build.0 = Release|Any CPU
		{A55A4067-65D1-4A84-B98A-FACAFA6CB637}.Release|x86.ActiveCfg = Release|Any CPU
		{A55A4067-65D1-4A84-B98A-FACAFA6CB637}.Release|x86.Build.0 = Release|Any CPU
		{FF2467E2-655F-429C-A78C-B2533C106C61}.Debug|Any CPU.ActiveCfg = Debug|Any CPU
		{FF2467E2-655F-429C-A78C-B2533C106C61}.Debug|Any CPU.Build.0 = Debug|Any CPU
		{FF2467E2-655F-429C-A78C-B2533C106C61}.Debug|x64.ActiveCfg = Debug|Any CPU
		{FF2467E2-655F-429C-A78C-B2533C106C61}.Debug|x64.Build.0 = Debug|Any CPU
		{FF2467E2-655F-429C-A78C-B2533C106C61}.Debug|x86.ActiveCfg = Debug|Any CPU
		{FF2467E2-655F-429C-A78C-B2533C106C61}.Debug|x86.Build.0 = Debug|Any CPU
		{FF2467E2-655F-429C-A78C-B2533C106C61}.Release|Any CPU.ActiveCfg = Release|Any CPU
		{FF2467E2-655F-429C-A78C-B2533C106C61}.Release|Any CPU.Build.0 = Release|Any CPU
		{FF2467E2-655F-429C-A78C-B2533C106C61}.Release|x64.ActiveCfg = Release|Any CPU
		{FF2467E2-655F-429C-A78C-B2533C106C61}.Release|x64.Build.0 = Release|Any CPU
		{FF2467E2-655F-429C-A78C-B2533C106C61}.Release|x86.ActiveCfg = Release|Any CPU
		{FF2467E2-655F-429C-A78C-B2533C106C61}.Release|x86.Build.0 = Release|Any CPU
		{F9EE6A1C-9982-4F14-9BDC-6F8605BCF638}.Debug|Any CPU.ActiveCfg = Debug|Any CPU
		{F9EE6A1C-9982-4F14-9BDC-6F8605BCF638}.Debug|Any CPU.Build.0 = Debug|Any CPU
		{F9EE6A1C-9982-4F14-9BDC-6F8605BCF638}.Debug|x64.ActiveCfg = Debug|Any CPU
		{F9EE6A1C-9982-4F14-9BDC-6F8605BCF638}.Debug|x64.Build.0 = Debug|Any CPU
		{F9EE6A1C-9982-4F14-9BDC-6F8605BCF638}.Debug|x86.ActiveCfg = Debug|Any CPU
		{F9EE6A1C-9982-4F14-9BDC-6F8605BCF638}.Debug|x86.Build.0 = Debug|Any CPU
		{F9EE6A1C-9982-4F14-9BDC-6F8605BCF638}.Release|Any CPU.ActiveCfg = Release|Any CPU
		{F9EE6A1C-9982-4F14-9BDC-6F8605BCF638}.Release|Any CPU.Build.0 = Release|Any CPU
		{F9EE6A1C-9982-4F14-9BDC-6F8605BCF638}.Release|x64.ActiveCfg = Release|Any CPU
		{F9EE6A1C-9982-4F14-9BDC-6F8605BCF638}.Release|x64.Build.0 = Release|Any CPU
		{F9EE6A1C-9982-4F14-9BDC-6F8605BCF638}.Release|x86.ActiveCfg = Release|Any CPU
		{F9EE6A1C-9982-4F14-9BDC-6F8605BCF638}.Release|x86.Build.0 = Release|Any CPU
		{B9832E99-9BF5-4CE4-A704-0C4F4627B19E}.Debug|Any CPU.ActiveCfg = Debug|Any CPU
		{B9832E99-9BF5-4CE4-A704-0C4F4627B19E}.Debug|Any CPU.Build.0 = Debug|Any CPU
		{B9832E99-9BF5-4CE4-A704-0C4F4627B19E}.Debug|x64.ActiveCfg = Debug|Any CPU
		{B9832E99-9BF5-4CE4-A704-0C4F4627B19E}.Debug|x64.Build.0 = Debug|Any CPU
		{B9832E99-9BF5-4CE4-A704-0C4F4627B19E}.Debug|x86.ActiveCfg = Debug|Any CPU
		{B9832E99-9BF5-4CE4-A704-0C4F4627B19E}.Debug|x86.Build.0 = Debug|Any CPU
		{B9832E99-9BF5-4CE4-A704-0C4F4627B19E}.Release|Any CPU.ActiveCfg = Release|Any CPU
		{B9832E99-9BF5-4CE4-A704-0C4F4627B19E}.Release|Any CPU.Build.0 = Release|Any CPU
		{B9832E99-9BF5-4CE4-A704-0C4F4627B19E}.Release|x64.ActiveCfg = Release|Any CPU
		{B9832E99-9BF5-4CE4-A704-0C4F4627B19E}.Release|x64.Build.0 = Release|Any CPU
		{B9832E99-9BF5-4CE4-A704-0C4F4627B19E}.Release|x86.ActiveCfg = Release|Any CPU
		{B9832E99-9BF5-4CE4-A704-0C4F4627B19E}.Release|x86.Build.0 = Release|Any CPU
		{C7F1E52A-222E-41D7-B34F-52999C2D38AD}.Debug|Any CPU.ActiveCfg = Debug|Any CPU
		{C7F1E52A-222E-41D7-B34F-52999C2D38AD}.Debug|Any CPU.Build.0 = Debug|Any CPU
		{C7F1E52A-222E-41D7-B34F-52999C2D38AD}.Debug|x64.ActiveCfg = Debug|Any CPU
		{C7F1E52A-222E-41D7-B34F-52999C2D38AD}.Debug|x64.Build.0 = Debug|Any CPU
		{C7F1E52A-222E-41D7-B34F-52999C2D38AD}.Debug|x86.ActiveCfg = Debug|Any CPU
		{C7F1E52A-222E-41D7-B34F-52999C2D38AD}.Debug|x86.Build.0 = Debug|Any CPU
		{C7F1E52A-222E-41D7-B34F-52999C2D38AD}.Release|Any CPU.ActiveCfg = Release|Any CPU
		{C7F1E52A-222E-41D7-B34F-52999C2D38AD}.Release|Any CPU.Build.0 = Release|Any CPU
		{C7F1E52A-222E-41D7-B34F-52999C2D38AD}.Release|x64.ActiveCfg = Release|Any CPU
		{C7F1E52A-222E-41D7-B34F-52999C2D38AD}.Release|x64.Build.0 = Release|Any CPU
		{C7F1E52A-222E-41D7-B34F-52999C2D38AD}.Release|x86.ActiveCfg = Release|Any CPU
		{C7F1E52A-222E-41D7-B34F-52999C2D38AD}.Release|x86.Build.0 = Release|Any CPU
		{44150470-1864-49CF-A68E-C558598A0611}.Debug|Any CPU.ActiveCfg = Debug|Any CPU
		{44150470-1864-49CF-A68E-C558598A0611}.Debug|Any CPU.Build.0 = Debug|Any CPU
		{44150470-1864-49CF-A68E-C558598A0611}.Debug|x64.ActiveCfg = Debug|Any CPU
		{44150470-1864-49CF-A68E-C558598A0611}.Debug|x64.Build.0 = Debug|Any CPU
		{44150470-1864-49CF-A68E-C558598A0611}.Debug|x86.ActiveCfg = Debug|Any CPU
		{44150470-1864-49CF-A68E-C558598A0611}.Debug|x86.Build.0 = Debug|Any CPU
		{44150470-1864-49CF-A68E-C558598A0611}.Release|Any CPU.ActiveCfg = Release|Any CPU
		{44150470-1864-49CF-A68E-C558598A0611}.Release|Any CPU.Build.0 = Release|Any CPU
		{44150470-1864-49CF-A68E-C558598A0611}.Release|x64.ActiveCfg = Release|Any CPU
		{44150470-1864-49CF-A68E-C558598A0611}.Release|x64.Build.0 = Release|Any CPU
		{44150470-1864-49CF-A68E-C558598A0611}.Release|x86.ActiveCfg = Release|Any CPU
		{44150470-1864-49CF-A68E-C558598A0611}.Release|x86.Build.0 = Release|Any CPU
		{733F44B5-4785-49D7-9642-2DF0CCDF9776}.Debug|Any CPU.ActiveCfg = Debug|Any CPU
		{733F44B5-4785-49D7-9642-2DF0CCDF9776}.Debug|Any CPU.Build.0 = Debug|Any CPU
		{733F44B5-4785-49D7-9642-2DF0CCDF9776}.Debug|x64.ActiveCfg = Debug|Any CPU
		{733F44B5-4785-49D7-9642-2DF0CCDF9776}.Debug|x64.Build.0 = Debug|Any CPU
		{733F44B5-4785-49D7-9642-2DF0CCDF9776}.Debug|x86.ActiveCfg = Debug|Any CPU
		{733F44B5-4785-49D7-9642-2DF0CCDF9776}.Debug|x86.Build.0 = Debug|Any CPU
		{733F44B5-4785-49D7-9642-2DF0CCDF9776}.Release|Any CPU.ActiveCfg = Release|Any CPU
		{733F44B5-4785-49D7-9642-2DF0CCDF9776}.Release|Any CPU.Build.0 = Release|Any CPU
		{733F44B5-4785-49D7-9642-2DF0CCDF9776}.Release|x64.ActiveCfg = Release|Any CPU
		{733F44B5-4785-49D7-9642-2DF0CCDF9776}.Release|x64.Build.0 = Release|Any CPU
		{733F44B5-4785-49D7-9642-2DF0CCDF9776}.Release|x86.ActiveCfg = Release|Any CPU
		{733F44B5-4785-49D7-9642-2DF0CCDF9776}.Release|x86.Build.0 = Release|Any CPU
		{848311BC-1DF4-4462-8AE8-D05BB866787C}.Debug|Any CPU.ActiveCfg = Debug|Any CPU
		{848311BC-1DF4-4462-8AE8-D05BB866787C}.Debug|Any CPU.Build.0 = Debug|Any CPU
		{848311BC-1DF4-4462-8AE8-D05BB866787C}.Debug|x64.ActiveCfg = Debug|Any CPU
		{848311BC-1DF4-4462-8AE8-D05BB866787C}.Debug|x64.Build.0 = Debug|Any CPU
		{848311BC-1DF4-4462-8AE8-D05BB866787C}.Debug|x86.ActiveCfg = Debug|Any CPU
		{848311BC-1DF4-4462-8AE8-D05BB866787C}.Debug|x86.Build.0 = Debug|Any CPU
		{848311BC-1DF4-4462-8AE8-D05BB866787C}.Release|Any CPU.ActiveCfg = Release|Any CPU
		{848311BC-1DF4-4462-8AE8-D05BB866787C}.Release|Any CPU.Build.0 = Release|Any CPU
		{848311BC-1DF4-4462-8AE8-D05BB866787C}.Release|x64.ActiveCfg = Release|Any CPU
		{848311BC-1DF4-4462-8AE8-D05BB866787C}.Release|x64.Build.0 = Release|Any CPU
		{848311BC-1DF4-4462-8AE8-D05BB866787C}.Release|x86.ActiveCfg = Release|Any CPU
		{848311BC-1DF4-4462-8AE8-D05BB866787C}.Release|x86.Build.0 = Release|Any CPU
		{1CF2B399-ECDD-4378-94E7-87629459EB44}.Debug|Any CPU.ActiveCfg = Debug|Any CPU
		{1CF2B399-ECDD-4378-94E7-87629459EB44}.Debug|Any CPU.Build.0 = Debug|Any CPU
		{1CF2B399-ECDD-4378-94E7-87629459EB44}.Debug|x64.ActiveCfg = Debug|Any CPU
		{1CF2B399-ECDD-4378-94E7-87629459EB44}.Debug|x64.Build.0 = Debug|Any CPU
		{1CF2B399-ECDD-4378-94E7-87629459EB44}.Debug|x86.ActiveCfg = Debug|Any CPU
		{1CF2B399-ECDD-4378-94E7-87629459EB44}.Debug|x86.Build.0 = Debug|Any CPU
		{1CF2B399-ECDD-4378-94E7-87629459EB44}.Release|Any CPU.ActiveCfg = Release|Any CPU
		{1CF2B399-ECDD-4378-94E7-87629459EB44}.Release|Any CPU.Build.0 = Release|Any CPU
		{1CF2B399-ECDD-4378-94E7-87629459EB44}.Release|x64.ActiveCfg = Release|Any CPU
		{1CF2B399-ECDD-4378-94E7-87629459EB44}.Release|x64.Build.0 = Release|Any CPU
		{1CF2B399-ECDD-4378-94E7-87629459EB44}.Release|x86.ActiveCfg = Release|Any CPU
		{1CF2B399-ECDD-4378-94E7-87629459EB44}.Release|x86.Build.0 = Release|Any CPU
		{F8ED761A-1CCF-4FE0-B0F9-7F75E218429C}.Debug|Any CPU.ActiveCfg = Debug|Any CPU
		{F8ED761A-1CCF-4FE0-B0F9-7F75E218429C}.Debug|Any CPU.Build.0 = Debug|Any CPU
		{F8ED761A-1CCF-4FE0-B0F9-7F75E218429C}.Debug|x64.ActiveCfg = Debug|Any CPU
		{F8ED761A-1CCF-4FE0-B0F9-7F75E218429C}.Debug|x64.Build.0 = Debug|Any CPU
		{F8ED761A-1CCF-4FE0-B0F9-7F75E218429C}.Debug|x86.ActiveCfg = Debug|Any CPU
		{F8ED761A-1CCF-4FE0-B0F9-7F75E218429C}.Debug|x86.Build.0 = Debug|Any CPU
		{F8ED761A-1CCF-4FE0-B0F9-7F75E218429C}.Release|Any CPU.ActiveCfg = Release|Any CPU
		{F8ED761A-1CCF-4FE0-B0F9-7F75E218429C}.Release|Any CPU.Build.0 = Release|Any CPU
		{F8ED761A-1CCF-4FE0-B0F9-7F75E218429C}.Release|x64.ActiveCfg = Release|Any CPU
		{F8ED761A-1CCF-4FE0-B0F9-7F75E218429C}.Release|x64.Build.0 = Release|Any CPU
		{F8ED761A-1CCF-4FE0-B0F9-7F75E218429C}.Release|x86.ActiveCfg = Release|Any CPU
		{F8ED761A-1CCF-4FE0-B0F9-7F75E218429C}.Release|x86.Build.0 = Release|Any CPU
		{FB7A0CAE-5DFD-454C-8F7A-5E7F9E5A5799}.Debug|Any CPU.ActiveCfg = Debug|Any CPU
		{FB7A0CAE-5DFD-454C-8F7A-5E7F9E5A5799}.Debug|Any CPU.Build.0 = Debug|Any CPU
		{FB7A0CAE-5DFD-454C-8F7A-5E7F9E5A5799}.Debug|x64.ActiveCfg = Debug|Any CPU
		{FB7A0CAE-5DFD-454C-8F7A-5E7F9E5A5799}.Debug|x64.Build.0 = Debug|Any CPU
		{FB7A0CAE-5DFD-454C-8F7A-5E7F9E5A5799}.Debug|x86.ActiveCfg = Debug|Any CPU
		{FB7A0CAE-5DFD-454C-8F7A-5E7F9E5A5799}.Debug|x86.Build.0 = Debug|Any CPU
		{FB7A0CAE-5DFD-454C-8F7A-5E7F9E5A5799}.Release|Any CPU.ActiveCfg = Release|Any CPU
		{FB7A0CAE-5DFD-454C-8F7A-5E7F9E5A5799}.Release|Any CPU.Build.0 = Release|Any CPU
		{FB7A0CAE-5DFD-454C-8F7A-5E7F9E5A5799}.Release|x64.ActiveCfg = Release|Any CPU
		{FB7A0CAE-5DFD-454C-8F7A-5E7F9E5A5799}.Release|x64.Build.0 = Release|Any CPU
		{FB7A0CAE-5DFD-454C-8F7A-5E7F9E5A5799}.Release|x86.ActiveCfg = Release|Any CPU
		{FB7A0CAE-5DFD-454C-8F7A-5E7F9E5A5799}.Release|x86.Build.0 = Release|Any CPU
		{94071A98-A5C8-4B96-845B-50B7A489DCF3}.Debug|Any CPU.ActiveCfg = Debug|Any CPU
		{94071A98-A5C8-4B96-845B-50B7A489DCF3}.Debug|Any CPU.Build.0 = Debug|Any CPU
		{94071A98-A5C8-4B96-845B-50B7A489DCF3}.Debug|x64.ActiveCfg = Debug|Any CPU
		{94071A98-A5C8-4B96-845B-50B7A489DCF3}.Debug|x64.Build.0 = Debug|Any CPU
		{94071A98-A5C8-4B96-845B-50B7A489DCF3}.Debug|x86.ActiveCfg = Debug|Any CPU
		{94071A98-A5C8-4B96-845B-50B7A489DCF3}.Debug|x86.Build.0 = Debug|Any CPU
		{94071A98-A5C8-4B96-845B-50B7A489DCF3}.Release|Any CPU.ActiveCfg = Release|Any CPU
		{94071A98-A5C8-4B96-845B-50B7A489DCF3}.Release|Any CPU.Build.0 = Release|Any CPU
		{94071A98-A5C8-4B96-845B-50B7A489DCF3}.Release|x64.ActiveCfg = Release|Any CPU
		{94071A98-A5C8-4B96-845B-50B7A489DCF3}.Release|x64.Build.0 = Release|Any CPU
		{94071A98-A5C8-4B96-845B-50B7A489DCF3}.Release|x86.ActiveCfg = Release|Any CPU
		{94071A98-A5C8-4B96-845B-50B7A489DCF3}.Release|x86.Build.0 = Release|Any CPU
		{665875B1-F728-4567-A361-32FB66AE1B9A}.Debug|Any CPU.ActiveCfg = Debug|Any CPU
		{665875B1-F728-4567-A361-32FB66AE1B9A}.Debug|Any CPU.Build.0 = Debug|Any CPU
		{665875B1-F728-4567-A361-32FB66AE1B9A}.Debug|x64.ActiveCfg = Debug|Any CPU
		{665875B1-F728-4567-A361-32FB66AE1B9A}.Debug|x64.Build.0 = Debug|Any CPU
		{665875B1-F728-4567-A361-32FB66AE1B9A}.Debug|x86.ActiveCfg = Debug|Any CPU
		{665875B1-F728-4567-A361-32FB66AE1B9A}.Debug|x86.Build.0 = Debug|Any CPU
		{665875B1-F728-4567-A361-32FB66AE1B9A}.Release|Any CPU.ActiveCfg = Release|Any CPU
		{665875B1-F728-4567-A361-32FB66AE1B9A}.Release|Any CPU.Build.0 = Release|Any CPU
		{665875B1-F728-4567-A361-32FB66AE1B9A}.Release|x64.ActiveCfg = Release|Any CPU
		{665875B1-F728-4567-A361-32FB66AE1B9A}.Release|x64.Build.0 = Release|Any CPU
		{665875B1-F728-4567-A361-32FB66AE1B9A}.Release|x86.ActiveCfg = Release|Any CPU
		{665875B1-F728-4567-A361-32FB66AE1B9A}.Release|x86.Build.0 = Release|Any CPU
		{6170C785-D12F-4E02-9EE5-73C428744263}.Debug|Any CPU.ActiveCfg = Debug|Any CPU
		{6170C785-D12F-4E02-9EE5-73C428744263}.Debug|Any CPU.Build.0 = Debug|Any CPU
		{6170C785-D12F-4E02-9EE5-73C428744263}.Debug|x64.ActiveCfg = Debug|Any CPU
		{6170C785-D12F-4E02-9EE5-73C428744263}.Debug|x64.Build.0 = Debug|Any CPU
		{6170C785-D12F-4E02-9EE5-73C428744263}.Debug|x86.ActiveCfg = Debug|Any CPU
		{6170C785-D12F-4E02-9EE5-73C428744263}.Debug|x86.Build.0 = Debug|Any CPU
		{6170C785-D12F-4E02-9EE5-73C428744263}.Release|Any CPU.ActiveCfg = Release|Any CPU
		{6170C785-D12F-4E02-9EE5-73C428744263}.Release|Any CPU.Build.0 = Release|Any CPU
		{6170C785-D12F-4E02-9EE5-73C428744263}.Release|x64.ActiveCfg = Release|Any CPU
		{6170C785-D12F-4E02-9EE5-73C428744263}.Release|x64.Build.0 = Release|Any CPU
		{6170C785-D12F-4E02-9EE5-73C428744263}.Release|x86.ActiveCfg = Release|Any CPU
		{6170C785-D12F-4E02-9EE5-73C428744263}.Release|x86.Build.0 = Release|Any CPU
		{13F4BE85-E13B-46A0-A79E-1CC3F7C86E25}.Debug|Any CPU.ActiveCfg = Debug|Any CPU
		{13F4BE85-E13B-46A0-A79E-1CC3F7C86E25}.Debug|Any CPU.Build.0 = Debug|Any CPU
		{13F4BE85-E13B-46A0-A79E-1CC3F7C86E25}.Debug|x64.ActiveCfg = Debug|Any CPU
		{13F4BE85-E13B-46A0-A79E-1CC3F7C86E25}.Debug|x64.Build.0 = Debug|Any CPU
		{13F4BE85-E13B-46A0-A79E-1CC3F7C86E25}.Debug|x86.ActiveCfg = Debug|Any CPU
		{13F4BE85-E13B-46A0-A79E-1CC3F7C86E25}.Debug|x86.Build.0 = Debug|Any CPU
		{13F4BE85-E13B-46A0-A79E-1CC3F7C86E25}.Release|Any CPU.ActiveCfg = Release|Any CPU
		{13F4BE85-E13B-46A0-A79E-1CC3F7C86E25}.Release|Any CPU.Build.0 = Release|Any CPU
		{13F4BE85-E13B-46A0-A79E-1CC3F7C86E25}.Release|x64.ActiveCfg = Release|Any CPU
		{13F4BE85-E13B-46A0-A79E-1CC3F7C86E25}.Release|x64.Build.0 = Release|Any CPU
		{13F4BE85-E13B-46A0-A79E-1CC3F7C86E25}.Release|x86.ActiveCfg = Release|Any CPU
		{13F4BE85-E13B-46A0-A79E-1CC3F7C86E25}.Release|x86.Build.0 = Release|Any CPU
		{19724957-C84F-4520-8E3F-0D8E9AB93AC7}.Debug|Any CPU.ActiveCfg = Debug|Any CPU
		{19724957-C84F-4520-8E3F-0D8E9AB93AC7}.Debug|Any CPU.Build.0 = Debug|Any CPU
		{19724957-C84F-4520-8E3F-0D8E9AB93AC7}.Debug|x64.ActiveCfg = Debug|Any CPU
		{19724957-C84F-4520-8E3F-0D8E9AB93AC7}.Debug|x64.Build.0 = Debug|Any CPU
		{19724957-C84F-4520-8E3F-0D8E9AB93AC7}.Debug|x86.ActiveCfg = Debug|Any CPU
		{19724957-C84F-4520-8E3F-0D8E9AB93AC7}.Debug|x86.Build.0 = Debug|Any CPU
		{19724957-C84F-4520-8E3F-0D8E9AB93AC7}.Release|Any CPU.ActiveCfg = Release|Any CPU
		{19724957-C84F-4520-8E3F-0D8E9AB93AC7}.Release|Any CPU.Build.0 = Release|Any CPU
		{19724957-C84F-4520-8E3F-0D8E9AB93AC7}.Release|x64.ActiveCfg = Release|Any CPU
		{19724957-C84F-4520-8E3F-0D8E9AB93AC7}.Release|x64.Build.0 = Release|Any CPU
		{19724957-C84F-4520-8E3F-0D8E9AB93AC7}.Release|x86.ActiveCfg = Release|Any CPU
		{19724957-C84F-4520-8E3F-0D8E9AB93AC7}.Release|x86.Build.0 = Release|Any CPU
		{3BA85DEC-9581-43DD-89A6-B4E97384A385}.Debug|Any CPU.ActiveCfg = Debug|Any CPU
		{3BA85DEC-9581-43DD-89A6-B4E97384A385}.Debug|Any CPU.Build.0 = Debug|Any CPU
		{3BA85DEC-9581-43DD-89A6-B4E97384A385}.Debug|x64.ActiveCfg = Debug|Any CPU
		{3BA85DEC-9581-43DD-89A6-B4E97384A385}.Debug|x64.Build.0 = Debug|Any CPU
		{3BA85DEC-9581-43DD-89A6-B4E97384A385}.Debug|x86.ActiveCfg = Debug|Any CPU
		{3BA85DEC-9581-43DD-89A6-B4E97384A385}.Debug|x86.Build.0 = Debug|Any CPU
		{3BA85DEC-9581-43DD-89A6-B4E97384A385}.Release|Any CPU.ActiveCfg = Release|Any CPU
		{3BA85DEC-9581-43DD-89A6-B4E97384A385}.Release|Any CPU.Build.0 = Release|Any CPU
		{3BA85DEC-9581-43DD-89A6-B4E97384A385}.Release|x64.ActiveCfg = Release|Any CPU
		{3BA85DEC-9581-43DD-89A6-B4E97384A385}.Release|x64.Build.0 = Release|Any CPU
		{3BA85DEC-9581-43DD-89A6-B4E97384A385}.Release|x86.ActiveCfg = Release|Any CPU
		{3BA85DEC-9581-43DD-89A6-B4E97384A385}.Release|x86.Build.0 = Release|Any CPU
		{BD05A5A7-9657-46DD-B2B9-171F723F1B32}.Debug|Any CPU.ActiveCfg = Debug|Any CPU
		{BD05A5A7-9657-46DD-B2B9-171F723F1B32}.Debug|Any CPU.Build.0 = Debug|Any CPU
		{BD05A5A7-9657-46DD-B2B9-171F723F1B32}.Debug|x64.ActiveCfg = Debug|Any CPU
		{BD05A5A7-9657-46DD-B2B9-171F723F1B32}.Debug|x64.Build.0 = Debug|Any CPU
		{BD05A5A7-9657-46DD-B2B9-171F723F1B32}.Debug|x86.ActiveCfg = Debug|Any CPU
		{BD05A5A7-9657-46DD-B2B9-171F723F1B32}.Debug|x86.Build.0 = Debug|Any CPU
		{BD05A5A7-9657-46DD-B2B9-171F723F1B32}.Release|Any CPU.ActiveCfg = Release|Any CPU
		{BD05A5A7-9657-46DD-B2B9-171F723F1B32}.Release|Any CPU.Build.0 = Release|Any CPU
		{BD05A5A7-9657-46DD-B2B9-171F723F1B32}.Release|x64.ActiveCfg = Release|Any CPU
		{BD05A5A7-9657-46DD-B2B9-171F723F1B32}.Release|x64.Build.0 = Release|Any CPU
		{BD05A5A7-9657-46DD-B2B9-171F723F1B32}.Release|x86.ActiveCfg = Release|Any CPU
		{BD05A5A7-9657-46DD-B2B9-171F723F1B32}.Release|x86.Build.0 = Release|Any CPU
		{C22D745E-2F71-429A-BF4D-391C80FC5479}.Debug|Any CPU.ActiveCfg = Debug|Any CPU
		{C22D745E-2F71-429A-BF4D-391C80FC5479}.Debug|Any CPU.Build.0 = Debug|Any CPU
		{C22D745E-2F71-429A-BF4D-391C80FC5479}.Debug|x64.ActiveCfg = Debug|Any CPU
		{C22D745E-2F71-429A-BF4D-391C80FC5479}.Debug|x64.Build.0 = Debug|Any CPU
		{C22D745E-2F71-429A-BF4D-391C80FC5479}.Debug|x86.ActiveCfg = Debug|Any CPU
		{C22D745E-2F71-429A-BF4D-391C80FC5479}.Debug|x86.Build.0 = Debug|Any CPU
		{C22D745E-2F71-429A-BF4D-391C80FC5479}.Release|Any CPU.ActiveCfg = Release|Any CPU
		{C22D745E-2F71-429A-BF4D-391C80FC5479}.Release|Any CPU.Build.0 = Release|Any CPU
		{C22D745E-2F71-429A-BF4D-391C80FC5479}.Release|x64.ActiveCfg = Release|Any CPU
		{C22D745E-2F71-429A-BF4D-391C80FC5479}.Release|x64.Build.0 = Release|Any CPU
		{C22D745E-2F71-429A-BF4D-391C80FC5479}.Release|x86.ActiveCfg = Release|Any CPU
		{C22D745E-2F71-429A-BF4D-391C80FC5479}.Release|x86.Build.0 = Release|Any CPU
		{3F1CA519-F138-4EA7-A822-DAB1A647B36C}.Debug|Any CPU.ActiveCfg = Debug|Any CPU
		{3F1CA519-F138-4EA7-A822-DAB1A647B36C}.Debug|Any CPU.Build.0 = Debug|Any CPU
		{3F1CA519-F138-4EA7-A822-DAB1A647B36C}.Debug|x64.ActiveCfg = Debug|Any CPU
		{3F1CA519-F138-4EA7-A822-DAB1A647B36C}.Debug|x64.Build.0 = Debug|Any CPU
		{3F1CA519-F138-4EA7-A822-DAB1A647B36C}.Debug|x86.ActiveCfg = Debug|Any CPU
		{3F1CA519-F138-4EA7-A822-DAB1A647B36C}.Debug|x86.Build.0 = Debug|Any CPU
		{3F1CA519-F138-4EA7-A822-DAB1A647B36C}.Release|Any CPU.ActiveCfg = Release|Any CPU
		{3F1CA519-F138-4EA7-A822-DAB1A647B36C}.Release|Any CPU.Build.0 = Release|Any CPU
		{3F1CA519-F138-4EA7-A822-DAB1A647B36C}.Release|x64.ActiveCfg = Release|Any CPU
		{3F1CA519-F138-4EA7-A822-DAB1A647B36C}.Release|x64.Build.0 = Release|Any CPU
		{3F1CA519-F138-4EA7-A822-DAB1A647B36C}.Release|x86.ActiveCfg = Release|Any CPU
		{3F1CA519-F138-4EA7-A822-DAB1A647B36C}.Release|x86.Build.0 = Release|Any CPU
		{EEB7F4A9-D6DD-439E-A7E5-3837C7D30F78}.Debug|Any CPU.ActiveCfg = Debug|Any CPU
		{EEB7F4A9-D6DD-439E-A7E5-3837C7D30F78}.Debug|Any CPU.Build.0 = Debug|Any CPU
		{EEB7F4A9-D6DD-439E-A7E5-3837C7D30F78}.Debug|x64.ActiveCfg = Debug|Any CPU
		{EEB7F4A9-D6DD-439E-A7E5-3837C7D30F78}.Debug|x64.Build.0 = Debug|Any CPU
		{EEB7F4A9-D6DD-439E-A7E5-3837C7D30F78}.Debug|x86.ActiveCfg = Debug|Any CPU
		{EEB7F4A9-D6DD-439E-A7E5-3837C7D30F78}.Debug|x86.Build.0 = Debug|Any CPU
		{EEB7F4A9-D6DD-439E-A7E5-3837C7D30F78}.Release|Any CPU.ActiveCfg = Release|Any CPU
		{EEB7F4A9-D6DD-439E-A7E5-3837C7D30F78}.Release|Any CPU.Build.0 = Release|Any CPU
		{EEB7F4A9-D6DD-439E-A7E5-3837C7D30F78}.Release|x64.ActiveCfg = Release|Any CPU
		{EEB7F4A9-D6DD-439E-A7E5-3837C7D30F78}.Release|x64.Build.0 = Release|Any CPU
		{EEB7F4A9-D6DD-439E-A7E5-3837C7D30F78}.Release|x86.ActiveCfg = Release|Any CPU
		{EEB7F4A9-D6DD-439E-A7E5-3837C7D30F78}.Release|x86.Build.0 = Release|Any CPU
	EndGlobalSection
	GlobalSection(SolutionProperties) = preSolution
		HideSolutionNode = FALSE
	EndGlobalSection
EndGlobal
